// !$*UTF8*$!
{
	archiveVersion = 1;
	classes = {
	};
	objectVersion = 51;
	objects = {

/* Begin PBXBuildFile section */
		8B041DD52BE096EF7FEF5F8B /* Pods_CharacterAlarmUITests.framework in Frameworks */ = {isa = PBXBuildFile; fileRef = EEA2BE35A392F55128F3E8D2 /* Pods_CharacterAlarmUITests.framework */; };
		8D34C8D32388174200589375 /* AppDelegate.swift in Sources */ = {isa = PBXBuildFile; fileRef = 8D34C8D22388174200589375 /* AppDelegate.swift */; };
		8D34C8D52388174200589375 /* SceneDelegate.swift in Sources */ = {isa = PBXBuildFile; fileRef = 8D34C8D42388174200589375 /* SceneDelegate.swift */; };
		8D34C8D72388174200589375 /* ContentView.swift in Sources */ = {isa = PBXBuildFile; fileRef = 8D34C8D62388174200589375 /* ContentView.swift */; };
		8D34C8D92388174600589375 /* Assets.xcassets in Resources */ = {isa = PBXBuildFile; fileRef = 8D34C8D82388174600589375 /* Assets.xcassets */; };
		8D34C8DC2388174600589375 /* Preview Assets.xcassets in Resources */ = {isa = PBXBuildFile; fileRef = 8D34C8DB2388174600589375 /* Preview Assets.xcassets */; };
		8D34C8DF2388174600589375 /* LaunchScreen.storyboard in Resources */ = {isa = PBXBuildFile; fileRef = 8D34C8DD2388174600589375 /* LaunchScreen.storyboard */; };
		8D34C8EA2388174600589375 /* CharacterAlarmTests.swift in Sources */ = {isa = PBXBuildFile; fileRef = 8D34C8E92388174600589375 /* CharacterAlarmTests.swift */; };
		8D34C8F52388174600589375 /* CharacterAlarmUITests.swift in Sources */ = {isa = PBXBuildFile; fileRef = 8D34C8F42388174600589375 /* CharacterAlarmUITests.swift */; };
		8DA83A39238A5952001B5FD8 /* Config.swift in Sources */ = {isa = PBXBuildFile; fileRef = 8DA83A38238A5952001B5FD8 /* Config.swift */; };
		8DA83A43238A6066001B5FD8 /* Alarm.swift in Sources */ = {isa = PBXBuildFile; fileRef = 8DA83A42238A6066001B5FD8 /* Alarm.swift */; };
		8DA83A45238A6080001B5FD8 /* Character.swift in Sources */ = {isa = PBXBuildFile; fileRef = 8DA83A44238A6080001B5FD8 /* Character.swift */; };
		8DA83A47238A6098001B5FD8 /* User.swift in Sources */ = {isa = PBXBuildFile; fileRef = 8DA83A46238A6098001B5FD8 /* User.swift */; };
		8DA83A49238A60B9001B5FD8 /* Profile.swift in Sources */ = {isa = PBXBuildFile; fileRef = 8DA83A48238A60B9001B5FD8 /* Profile.swift */; };
		8DA83A4B238A60CF001B5FD8 /* News.swift in Sources */ = {isa = PBXBuildFile; fileRef = 8DA83A4A238A60CF001B5FD8 /* News.swift */; };
		8DA83A4E238A60F6001B5FD8 /* AlarmStore.swift in Sources */ = {isa = PBXBuildFile; fileRef = 8DA83A4D238A60F6001B5FD8 /* AlarmStore.swift */; };
		8DA83A50238A6111001B5FD8 /* CharacterStore.swift in Sources */ = {isa = PBXBuildFile; fileRef = 8DA83A4F238A6111001B5FD8 /* CharacterStore.swift */; };
		8DA83A52238A6127001B5FD8 /* ProfileStore.swift in Sources */ = {isa = PBXBuildFile; fileRef = 8DA83A51238A6127001B5FD8 /* ProfileStore.swift */; };
		8DA83A54238A6140001B5FD8 /* UserStore.swift in Sources */ = {isa = PBXBuildFile; fileRef = 8DA83A53238A6140001B5FD8 /* UserStore.swift */; };
		8DF973D923882F0700ED6DD5 /* ConfigView.swift in Sources */ = {isa = PBXBuildFile; fileRef = 8DF973D823882F0700ED6DD5 /* ConfigView.swift */; };
		8DF973DC2388387400ED6DD5 /* ProfileView.swift in Sources */ = {isa = PBXBuildFile; fileRef = 8DF973DB2388387400ED6DD5 /* ProfileView.swift */; };
		8DF973E02388394C00ED6DD5 /* AlarmListView.swift in Sources */ = {isa = PBXBuildFile; fileRef = 8DF973DF2388394C00ED6DD5 /* AlarmListView.swift */; };
		8DF973E32388399400ED6DD5 /* CharacterList.swift in Sources */ = {isa = PBXBuildFile; fileRef = 8DF973E22388399400ED6DD5 /* CharacterList.swift */; };
		8DF973E523883ACD00ED6DD5 /* ProfileHeader.swift in Sources */ = {isa = PBXBuildFile; fileRef = 8DF973E423883ACD00ED6DD5 /* ProfileHeader.swift */; };
		8DF973E82388F0B500ED6DD5 /* AlarmDetailView.swift in Sources */ = {isa = PBXBuildFile; fileRef = 8DF973E72388F0B500ED6DD5 /* AlarmDetailView.swift */; };
		8DF973EA2389041B00ED6DD5 /* AlarmListRow.swift in Sources */ = {isa = PBXBuildFile; fileRef = 8DF973E92389041B00ED6DD5 /* AlarmListRow.swift */; };
		8DFCAD3123898DA100F37CC6 /* NewsView.swift in Sources */ = {isa = PBXBuildFile; fileRef = 8DFCAD3023898DA100F37CC6 /* NewsView.swift */; };
		D0AEEA0D5DA021D49053CA10 /* Pods_CharacterAlarmTests.framework in Frameworks */ = {isa = PBXBuildFile; fileRef = 33B1AD0E31BEE905B43761CD /* Pods_CharacterAlarmTests.framework */; };
		DACC3D4BE0A339B2ADDC5F21 /* Pods_CharacterAlarm.framework in Frameworks */ = {isa = PBXBuildFile; fileRef = F6DAD5E50A3A98A1B80EEB4C /* Pods_CharacterAlarm.framework */; };
/* End PBXBuildFile section */

/* Begin PBXContainerItemProxy section */
		8D34C8E62388174600589375 /* PBXContainerItemProxy */ = {
			isa = PBXContainerItemProxy;
			containerPortal = 8D34C8C72388174200589375 /* Project object */;
			proxyType = 1;
			remoteGlobalIDString = 8D34C8CE2388174200589375;
			remoteInfo = CharacterAlarm;
		};
		8D34C8F12388174600589375 /* PBXContainerItemProxy */ = {
			isa = PBXContainerItemProxy;
			containerPortal = 8D34C8C72388174200589375 /* Project object */;
			proxyType = 1;
			remoteGlobalIDString = 8D34C8CE2388174200589375;
			remoteInfo = CharacterAlarm;
		};
/* End PBXContainerItemProxy section */

/* Begin PBXFileReference section */
		053A9447226106326F1C4C2F /* Pods-CharacterAlarm.release.xcconfig */ = {isa = PBXFileReference; includeInIndex = 1; lastKnownFileType = text.xcconfig; name = "Pods-CharacterAlarm.release.xcconfig"; path = "Target Support Files/Pods-CharacterAlarm/Pods-CharacterAlarm.release.xcconfig"; sourceTree = "<group>"; };
		2DA675F9F44E7EB4C094FF0B /* Pods-CharacterAlarmUITests.release.xcconfig */ = {isa = PBXFileReference; includeInIndex = 1; lastKnownFileType = text.xcconfig; name = "Pods-CharacterAlarmUITests.release.xcconfig"; path = "Target Support Files/Pods-CharacterAlarmUITests/Pods-CharacterAlarmUITests.release.xcconfig"; sourceTree = "<group>"; };
		33B1AD0E31BEE905B43761CD /* Pods_CharacterAlarmTests.framework */ = {isa = PBXFileReference; explicitFileType = wrapper.framework; includeInIndex = 0; path = Pods_CharacterAlarmTests.framework; sourceTree = BUILT_PRODUCTS_DIR; };
		59D802A6CAAEB5C83BCCF510 /* Pods-CharacterAlarmUITests.debug.xcconfig */ = {isa = PBXFileReference; includeInIndex = 1; lastKnownFileType = text.xcconfig; name = "Pods-CharacterAlarmUITests.debug.xcconfig"; path = "Target Support Files/Pods-CharacterAlarmUITests/Pods-CharacterAlarmUITests.debug.xcconfig"; sourceTree = "<group>"; };
		8498D61FC14F6EA4820301B7 /* Pods-CharacterAlarm.debug.xcconfig */ = {isa = PBXFileReference; includeInIndex = 1; lastKnownFileType = text.xcconfig; name = "Pods-CharacterAlarm.debug.xcconfig"; path = "Target Support Files/Pods-CharacterAlarm/Pods-CharacterAlarm.debug.xcconfig"; sourceTree = "<group>"; };
		8D34C8CF2388174200589375 /* CharacterAlarm.app */ = {isa = PBXFileReference; explicitFileType = wrapper.application; includeInIndex = 0; path = CharacterAlarm.app; sourceTree = BUILT_PRODUCTS_DIR; };
		8D34C8D22388174200589375 /* AppDelegate.swift */ = {isa = PBXFileReference; lastKnownFileType = sourcecode.swift; path = AppDelegate.swift; sourceTree = "<group>"; };
		8D34C8D42388174200589375 /* SceneDelegate.swift */ = {isa = PBXFileReference; lastKnownFileType = sourcecode.swift; path = SceneDelegate.swift; sourceTree = "<group>"; };
		8D34C8D62388174200589375 /* ContentView.swift */ = {isa = PBXFileReference; lastKnownFileType = sourcecode.swift; path = ContentView.swift; sourceTree = "<group>"; };
		8D34C8D82388174600589375 /* Assets.xcassets */ = {isa = PBXFileReference; lastKnownFileType = folder.assetcatalog; path = Assets.xcassets; sourceTree = "<group>"; };
		8D34C8DB2388174600589375 /* Preview Assets.xcassets */ = {isa = PBXFileReference; lastKnownFileType = folder.assetcatalog; path = "Preview Assets.xcassets"; sourceTree = "<group>"; };
		8D34C8DE2388174600589375 /* Base */ = {isa = PBXFileReference; lastKnownFileType = file.storyboard; name = Base; path = Base.lproj/LaunchScreen.storyboard; sourceTree = "<group>"; };
		8D34C8E02388174600589375 /* Info.plist */ = {isa = PBXFileReference; lastKnownFileType = text.plist.xml; path = Info.plist; sourceTree = "<group>"; };
		8D34C8E52388174600589375 /* CharacterAlarmTests.xctest */ = {isa = PBXFileReference; explicitFileType = wrapper.cfbundle; includeInIndex = 0; path = CharacterAlarmTests.xctest; sourceTree = BUILT_PRODUCTS_DIR; };
		8D34C8E92388174600589375 /* CharacterAlarmTests.swift */ = {isa = PBXFileReference; lastKnownFileType = sourcecode.swift; path = CharacterAlarmTests.swift; sourceTree = "<group>"; };
		8D34C8EB2388174600589375 /* Info.plist */ = {isa = PBXFileReference; lastKnownFileType = text.plist.xml; path = Info.plist; sourceTree = "<group>"; };
		8D34C8F02388174600589375 /* CharacterAlarmUITests.xctest */ = {isa = PBXFileReference; explicitFileType = wrapper.cfbundle; includeInIndex = 0; path = CharacterAlarmUITests.xctest; sourceTree = BUILT_PRODUCTS_DIR; };
		8D34C8F42388174600589375 /* CharacterAlarmUITests.swift */ = {isa = PBXFileReference; lastKnownFileType = sourcecode.swift; path = CharacterAlarmUITests.swift; sourceTree = "<group>"; };
		8D34C8F62388174600589375 /* Info.plist */ = {isa = PBXFileReference; lastKnownFileType = text.plist.xml; path = Info.plist; sourceTree = "<group>"; };
		8DA83A38238A5952001B5FD8 /* Config.swift */ = {isa = PBXFileReference; lastKnownFileType = sourcecode.swift; path = Config.swift; sourceTree = "<group>"; };
		8DA83A42238A6066001B5FD8 /* Alarm.swift */ = {isa = PBXFileReference; lastKnownFileType = sourcecode.swift; path = Alarm.swift; sourceTree = "<group>"; };
		8DA83A44238A6080001B5FD8 /* Character.swift */ = {isa = PBXFileReference; lastKnownFileType = sourcecode.swift; path = Character.swift; sourceTree = "<group>"; };
		8DA83A46238A6098001B5FD8 /* User.swift */ = {isa = PBXFileReference; lastKnownFileType = sourcecode.swift; path = User.swift; sourceTree = "<group>"; };
		8DA83A48238A60B9001B5FD8 /* Profile.swift */ = {isa = PBXFileReference; lastKnownFileType = sourcecode.swift; path = Profile.swift; sourceTree = "<group>"; };
		8DA83A4A238A60CF001B5FD8 /* News.swift */ = {isa = PBXFileReference; lastKnownFileType = sourcecode.swift; path = News.swift; sourceTree = "<group>"; };
		8DA83A4D238A60F6001B5FD8 /* AlarmStore.swift */ = {isa = PBXFileReference; lastKnownFileType = sourcecode.swift; path = AlarmStore.swift; sourceTree = "<group>"; };
		8DA83A4F238A6111001B5FD8 /* CharacterStore.swift */ = {isa = PBXFileReference; lastKnownFileType = sourcecode.swift; path = CharacterStore.swift; sourceTree = "<group>"; };
		8DA83A51238A6127001B5FD8 /* ProfileStore.swift */ = {isa = PBXFileReference; lastKnownFileType = sourcecode.swift; path = ProfileStore.swift; sourceTree = "<group>"; };
		8DA83A53238A6140001B5FD8 /* UserStore.swift */ = {isa = PBXFileReference; lastKnownFileType = sourcecode.swift; path = UserStore.swift; sourceTree = "<group>"; };
		8DF973D823882F0700ED6DD5 /* ConfigView.swift */ = {isa = PBXFileReference; lastKnownFileType = sourcecode.swift; path = ConfigView.swift; sourceTree = "<group>"; };
		8DF973DB2388387400ED6DD5 /* ProfileView.swift */ = {isa = PBXFileReference; lastKnownFileType = sourcecode.swift; path = ProfileView.swift; sourceTree = "<group>"; };
		8DF973DF2388394C00ED6DD5 /* AlarmListView.swift */ = {isa = PBXFileReference; lastKnownFileType = sourcecode.swift; path = AlarmListView.swift; sourceTree = "<group>"; };
		8DF973E22388399400ED6DD5 /* CharacterList.swift */ = {isa = PBXFileReference; lastKnownFileType = sourcecode.swift; path = CharacterList.swift; sourceTree = "<group>"; };
		8DF973E423883ACD00ED6DD5 /* ProfileHeader.swift */ = {isa = PBXFileReference; lastKnownFileType = sourcecode.swift; path = ProfileHeader.swift; sourceTree = "<group>"; };
		8DF973E72388F0B500ED6DD5 /* AlarmDetailView.swift */ = {isa = PBXFileReference; lastKnownFileType = sourcecode.swift; path = AlarmDetailView.swift; sourceTree = "<group>"; };
		8DF973E92389041B00ED6DD5 /* AlarmListRow.swift */ = {isa = PBXFileReference; lastKnownFileType = sourcecode.swift; path = AlarmListRow.swift; sourceTree = "<group>"; };
		8DFCAD3023898DA100F37CC6 /* NewsView.swift */ = {isa = PBXFileReference; lastKnownFileType = sourcecode.swift; path = NewsView.swift; sourceTree = "<group>"; };
		CE3FD8B8A2D8E8156BB3697D /* Pods-CharacterAlarmTests.debug.xcconfig */ = {isa = PBXFileReference; includeInIndex = 1; lastKnownFileType = text.xcconfig; name = "Pods-CharacterAlarmTests.debug.xcconfig"; path = "Target Support Files/Pods-CharacterAlarmTests/Pods-CharacterAlarmTests.debug.xcconfig"; sourceTree = "<group>"; };
		EEA2BE35A392F55128F3E8D2 /* Pods_CharacterAlarmUITests.framework */ = {isa = PBXFileReference; explicitFileType = wrapper.framework; includeInIndex = 0; path = Pods_CharacterAlarmUITests.framework; sourceTree = BUILT_PRODUCTS_DIR; };
		F6DAD5E50A3A98A1B80EEB4C /* Pods_CharacterAlarm.framework */ = {isa = PBXFileReference; explicitFileType = wrapper.framework; includeInIndex = 0; path = Pods_CharacterAlarm.framework; sourceTree = BUILT_PRODUCTS_DIR; };
		F89AF1727DEB267A293F08E5 /* Pods-CharacterAlarmTests.release.xcconfig */ = {isa = PBXFileReference; includeInIndex = 1; lastKnownFileType = text.xcconfig; name = "Pods-CharacterAlarmTests.release.xcconfig"; path = "Target Support Files/Pods-CharacterAlarmTests/Pods-CharacterAlarmTests.release.xcconfig"; sourceTree = "<group>"; };
/* End PBXFileReference section */

/* Begin PBXFrameworksBuildPhase section */
		8D34C8CC2388174200589375 /* Frameworks */ = {
			isa = PBXFrameworksBuildPhase;
			buildActionMask = 2147483647;
			files = (
				DACC3D4BE0A339B2ADDC5F21 /* Pods_CharacterAlarm.framework in Frameworks */,
			);
			runOnlyForDeploymentPostprocessing = 0;
		};
		8D34C8E22388174600589375 /* Frameworks */ = {
			isa = PBXFrameworksBuildPhase;
			buildActionMask = 2147483647;
			files = (
				D0AEEA0D5DA021D49053CA10 /* Pods_CharacterAlarmTests.framework in Frameworks */,
			);
			runOnlyForDeploymentPostprocessing = 0;
		};
		8D34C8ED2388174600589375 /* Frameworks */ = {
			isa = PBXFrameworksBuildPhase;
			buildActionMask = 2147483647;
			files = (
				8B041DD52BE096EF7FEF5F8B /* Pods_CharacterAlarmUITests.framework in Frameworks */,
			);
			runOnlyForDeploymentPostprocessing = 0;
		};
/* End PBXFrameworksBuildPhase section */

/* Begin PBXGroup section */
		498823BA20FA4C933AD12362 /* Frameworks */ = {
			isa = PBXGroup;
			children = (
				F6DAD5E50A3A98A1B80EEB4C /* Pods_CharacterAlarm.framework */,
				33B1AD0E31BEE905B43761CD /* Pods_CharacterAlarmTests.framework */,
				EEA2BE35A392F55128F3E8D2 /* Pods_CharacterAlarmUITests.framework */,
			);
			name = Frameworks;
			sourceTree = "<group>";
		};
		8D34C8C62388174200589375 = {
			isa = PBXGroup;
			children = (
				8D34C8D12388174200589375 /* CharacterAlarm */,
				8D34C8E82388174600589375 /* CharacterAlarmTests */,
				8D34C8F32388174600589375 /* CharacterAlarmUITests */,
				8D34C8D02388174200589375 /* Products */,
				F81B493634E134C83D06C640 /* Pods */,
				498823BA20FA4C933AD12362 /* Frameworks */,
			);
			sourceTree = "<group>";
		};
		8D34C8D02388174200589375 /* Products */ = {
			isa = PBXGroup;
			children = (
				8D34C8CF2388174200589375 /* CharacterAlarm.app */,
				8D34C8E52388174600589375 /* CharacterAlarmTests.xctest */,
				8D34C8F02388174600589375 /* CharacterAlarmUITests.xctest */,
			);
			name = Products;
			sourceTree = "<group>";
		};
		8D34C8D12388174200589375 /* CharacterAlarm */ = {
			isa = PBXGroup;
			children = (
				8D34C8D22388174200589375 /* AppDelegate.swift */,
				8D34C8D42388174200589375 /* SceneDelegate.swift */,
				8D34C8D62388174200589375 /* ContentView.swift */,
				8DA83A38238A5952001B5FD8 /* Config.swift */,
				8DA83A41238A5FCD001B5FD8 /* Entity */,
				8DA83A4C238A60DE001B5FD8 /* Domain */,
				8DF973DE2388392F00ED6DD5 /* AlarmList */,
				8DF973E62388F07100ED6DD5 /* AlarmDetail */,
				8DF973E12388398200ED6DD5 /* CharacterList */,
				8DFCAD2F23898D6F00F37CC6 /* News */,
				8DF973DA2388385A00ED6DD5 /* Profile */,
				8DF973DD2388388800ED6DD5 /* Config */,
				8D34C8D82388174600589375 /* Assets.xcassets */,
				8D34C8DD2388174600589375 /* LaunchScreen.storyboard */,
				8D34C8E02388174600589375 /* Info.plist */,
				8D34C8DA2388174600589375 /* Preview Content */,
			);
			path = CharacterAlarm;
			sourceTree = "<group>";
		};
		8D34C8DA2388174600589375 /* Preview Content */ = {
			isa = PBXGroup;
			children = (
				8D34C8DB2388174600589375 /* Preview Assets.xcassets */,
			);
			path = "Preview Content";
			sourceTree = "<group>";
		};
		8D34C8E82388174600589375 /* CharacterAlarmTests */ = {
			isa = PBXGroup;
			children = (
				8D34C8E92388174600589375 /* CharacterAlarmTests.swift */,
				8D34C8EB2388174600589375 /* Info.plist */,
			);
			path = CharacterAlarmTests;
			sourceTree = "<group>";
		};
		8D34C8F32388174600589375 /* CharacterAlarmUITests */ = {
			isa = PBXGroup;
			children = (
				8D34C8F42388174600589375 /* CharacterAlarmUITests.swift */,
				8D34C8F62388174600589375 /* Info.plist */,
			);
			path = CharacterAlarmUITests;
			sourceTree = "<group>";
		};
		8DA83A41238A5FCD001B5FD8 /* Entity */ = {
			isa = PBXGroup;
			children = (
				8DA83A42238A6066001B5FD8 /* Alarm.swift */,
				8DA83A44238A6080001B5FD8 /* Character.swift */,
				8DA83A46238A6098001B5FD8 /* User.swift */,
				8DA83A48238A60B9001B5FD8 /* Profile.swift */,
				8DA83A4A238A60CF001B5FD8 /* News.swift */,
			);
			path = Entity;
			sourceTree = "<group>";
		};
		8DA83A4C238A60DE001B5FD8 /* Domain */ = {
			isa = PBXGroup;
			children = (
				8DA83A4D238A60F6001B5FD8 /* AlarmStore.swift */,
				8DA83A4F238A6111001B5FD8 /* CharacterStore.swift */,
				8DA83A51238A6127001B5FD8 /* ProfileStore.swift */,
				8DA83A53238A6140001B5FD8 /* UserStore.swift */,
			);
			path = Domain;
			sourceTree = "<group>";
		};
		8DF973DA2388385A00ED6DD5 /* Profile */ = {
			isa = PBXGroup;
			children = (
				8DF973DB2388387400ED6DD5 /* ProfileView.swift */,
			);
			path = Profile;
			sourceTree = "<group>";
		};
		8DF973DD2388388800ED6DD5 /* Config */ = {
			isa = PBXGroup;
			children = (
				8DF973D823882F0700ED6DD5 /* ConfigView.swift */,
				8DF973EC238908FB00ED6DD5 /* View */,
			);
			path = Config;
			sourceTree = "<group>";
		};
		8DF973DE2388392F00ED6DD5 /* AlarmList */ = {
			isa = PBXGroup;
			children = (
				8DF973DF2388394C00ED6DD5 /* AlarmListView.swift */,
				8DF973EB2389084D00ED6DD5 /* View */,
			);
			path = AlarmList;
			sourceTree = "<group>";
		};
		8DF973E12388398200ED6DD5 /* CharacterList */ = {
			isa = PBXGroup;
			children = (
				8DF973E22388399400ED6DD5 /* CharacterList.swift */,
			);
			path = CharacterList;
			sourceTree = "<group>";
		};
		8DF973E62388F07100ED6DD5 /* AlarmDetail */ = {
			isa = PBXGroup;
			children = (
				8DF973E72388F0B500ED6DD5 /* AlarmDetailView.swift */,
			);
			path = AlarmDetail;
			sourceTree = "<group>";
		};
		8DF973EB2389084D00ED6DD5 /* View */ = {
			isa = PBXGroup;
			children = (
				8DF973E92389041B00ED6DD5 /* AlarmListRow.swift */,
			);
			path = View;
			sourceTree = "<group>";
		};
		8DF973EC238908FB00ED6DD5 /* View */ = {
			isa = PBXGroup;
			children = (
				8DF973E423883ACD00ED6DD5 /* ProfileHeader.swift */,
			);
			path = View;
			sourceTree = "<group>";
		};
		8DFCAD2F23898D6F00F37CC6 /* News */ = {
			isa = PBXGroup;
			children = (
				8DFCAD3023898DA100F37CC6 /* NewsView.swift */,
			);
			path = News;
			sourceTree = "<group>";
		};
		F81B493634E134C83D06C640 /* Pods */ = {
			isa = PBXGroup;
			children = (
				8498D61FC14F6EA4820301B7 /* Pods-CharacterAlarm.debug.xcconfig */,
				053A9447226106326F1C4C2F /* Pods-CharacterAlarm.release.xcconfig */,
				CE3FD8B8A2D8E8156BB3697D /* Pods-CharacterAlarmTests.debug.xcconfig */,
				F89AF1727DEB267A293F08E5 /* Pods-CharacterAlarmTests.release.xcconfig */,
				59D802A6CAAEB5C83BCCF510 /* Pods-CharacterAlarmUITests.debug.xcconfig */,
				2DA675F9F44E7EB4C094FF0B /* Pods-CharacterAlarmUITests.release.xcconfig */,
			);
			path = Pods;
			sourceTree = "<group>";
		};
/* End PBXGroup section */

/* Begin PBXNativeTarget section */
		8D34C8CE2388174200589375 /* CharacterAlarm */ = {
			isa = PBXNativeTarget;
			buildConfigurationList = 8D34C8F92388174600589375 /* Build configuration list for PBXNativeTarget "CharacterAlarm" */;
			buildPhases = (
				7ABA025CF16AC399FFD0A9BD /* [CP] Check Pods Manifest.lock */,
				8D34C8CB2388174200589375 /* Sources */,
				8D34C8CC2388174200589375 /* Frameworks */,
				8D34C8CD2388174200589375 /* Resources */,
				181E75D1098CBD3C40AEB645 /* [CP] Embed Pods Frameworks */,
			);
			buildRules = (
			);
			dependencies = (
			);
			name = CharacterAlarm;
			productName = CharacterAlarm;
			productReference = 8D34C8CF2388174200589375 /* CharacterAlarm.app */;
			productType = "com.apple.product-type.application";
		};
		8D34C8E42388174600589375 /* CharacterAlarmTests */ = {
			isa = PBXNativeTarget;
			buildConfigurationList = 8D34C8FC2388174600589375 /* Build configuration list for PBXNativeTarget "CharacterAlarmTests" */;
			buildPhases = (
				3DACED83A3622A358F16C363 /* [CP] Check Pods Manifest.lock */,
				8D34C8E12388174600589375 /* Sources */,
				8D34C8E22388174600589375 /* Frameworks */,
				8D34C8E32388174600589375 /* Resources */,
			);
			buildRules = (
			);
			dependencies = (
				8D34C8E72388174600589375 /* PBXTargetDependency */,
			);
			name = CharacterAlarmTests;
			productName = CharacterAlarmTests;
			productReference = 8D34C8E52388174600589375 /* CharacterAlarmTests.xctest */;
			productType = "com.apple.product-type.bundle.unit-test";
		};
		8D34C8EF2388174600589375 /* CharacterAlarmUITests */ = {
			isa = PBXNativeTarget;
			buildConfigurationList = 8D34C8FF2388174600589375 /* Build configuration list for PBXNativeTarget "CharacterAlarmUITests" */;
			buildPhases = (
				B8EB9EF7A9140EE1AA8713D9 /* [CP] Check Pods Manifest.lock */,
				8D34C8EC2388174600589375 /* Sources */,
				8D34C8ED2388174600589375 /* Frameworks */,
				8D34C8EE2388174600589375 /* Resources */,
			);
			buildRules = (
			);
			dependencies = (
				8D34C8F22388174600589375 /* PBXTargetDependency */,
			);
			name = CharacterAlarmUITests;
			productName = CharacterAlarmUITests;
			productReference = 8D34C8F02388174600589375 /* CharacterAlarmUITests.xctest */;
			productType = "com.apple.product-type.bundle.ui-testing";
		};
/* End PBXNativeTarget section */

/* Begin PBXProject section */
		8D34C8C72388174200589375 /* Project object */ = {
			isa = PBXProject;
			attributes = {
				LastSwiftUpdateCheck = 1120;
				LastUpgradeCheck = 1120;
				ORGANIZATIONNAME = com.swiswiswift.swiftui;
				TargetAttributes = {
					8D34C8CE2388174200589375 = {
						CreatedOnToolsVersion = 11.2.1;
					};
					8D34C8E42388174600589375 = {
						CreatedOnToolsVersion = 11.2.1;
						TestTargetID = 8D34C8CE2388174200589375;
					};
					8D34C8EF2388174600589375 = {
						CreatedOnToolsVersion = 11.2.1;
						TestTargetID = 8D34C8CE2388174200589375;
					};
				};
			};
			buildConfigurationList = 8D34C8CA2388174200589375 /* Build configuration list for PBXProject "CharacterAlarm" */;
			compatibilityVersion = "Xcode 9.3";
			developmentRegion = en;
			hasScannedForEncodings = 0;
			knownRegions = (
				en,
				Base,
			);
			mainGroup = 8D34C8C62388174200589375;
			productRefGroup = 8D34C8D02388174200589375 /* Products */;
			projectDirPath = "";
			projectRoot = "";
			targets = (
				8D34C8CE2388174200589375 /* CharacterAlarm */,
				8D34C8E42388174600589375 /* CharacterAlarmTests */,
				8D34C8EF2388174600589375 /* CharacterAlarmUITests */,
			);
		};
/* End PBXProject section */

/* Begin PBXResourcesBuildPhase section */
		8D34C8CD2388174200589375 /* Resources */ = {
			isa = PBXResourcesBuildPhase;
			buildActionMask = 2147483647;
			files = (
				8D34C8DF2388174600589375 /* LaunchScreen.storyboard in Resources */,
				8D34C8DC2388174600589375 /* Preview Assets.xcassets in Resources */,
				8D34C8D92388174600589375 /* Assets.xcassets in Resources */,
			);
			runOnlyForDeploymentPostprocessing = 0;
		};
		8D34C8E32388174600589375 /* Resources */ = {
			isa = PBXResourcesBuildPhase;
			buildActionMask = 2147483647;
			files = (
			);
			runOnlyForDeploymentPostprocessing = 0;
		};
		8D34C8EE2388174600589375 /* Resources */ = {
			isa = PBXResourcesBuildPhase;
			buildActionMask = 2147483647;
			files = (
			);
			runOnlyForDeploymentPostprocessing = 0;
		};
/* End PBXResourcesBuildPhase section */

/* Begin PBXShellScriptBuildPhase section */
		181E75D1098CBD3C40AEB645 /* [CP] Embed Pods Frameworks */ = {
			isa = PBXShellScriptBuildPhase;
			buildActionMask = 2147483647;
			files = (
			);
			inputFileListPaths = (
				"${PODS_ROOT}/Target Support Files/Pods-CharacterAlarm/Pods-CharacterAlarm-frameworks-${CONFIGURATION}-input-files.xcfilelist",
			);
			name = "[CP] Embed Pods Frameworks";
			outputFileListPaths = (
				"${PODS_ROOT}/Target Support Files/Pods-CharacterAlarm/Pods-CharacterAlarm-frameworks-${CONFIGURATION}-output-files.xcfilelist",
			);
			runOnlyForDeploymentPostprocessing = 0;
			shellPath = /bin/sh;
			shellScript = "\"${PODS_ROOT}/Target Support Files/Pods-CharacterAlarm/Pods-CharacterAlarm-frameworks.sh\"\n";
			showEnvVarsInLog = 0;
		};
		3DACED83A3622A358F16C363 /* [CP] Check Pods Manifest.lock */ = {
			isa = PBXShellScriptBuildPhase;
			buildActionMask = 2147483647;
			files = (
			);
			inputFileListPaths = (
			);
			inputPaths = (
				"${PODS_PODFILE_DIR_PATH}/Podfile.lock",
				"${PODS_ROOT}/Manifest.lock",
			);
			name = "[CP] Check Pods Manifest.lock";
			outputFileListPaths = (
			);
			outputPaths = (
				"$(DERIVED_FILE_DIR)/Pods-CharacterAlarmTests-checkManifestLockResult.txt",
			);
			runOnlyForDeploymentPostprocessing = 0;
			shellPath = /bin/sh;
			shellScript = "diff \"${PODS_PODFILE_DIR_PATH}/Podfile.lock\" \"${PODS_ROOT}/Manifest.lock\" > /dev/null\nif [ $? != 0 ] ; then\n    # print error to STDERR\n    echo \"error: The sandbox is not in sync with the Podfile.lock. Run 'pod install' or update your CocoaPods installation.\" >&2\n    exit 1\nfi\n# This output is used by Xcode 'outputs' to avoid re-running this script phase.\necho \"SUCCESS\" > \"${SCRIPT_OUTPUT_FILE_0}\"\n";
			showEnvVarsInLog = 0;
		};
		7ABA025CF16AC399FFD0A9BD /* [CP] Check Pods Manifest.lock */ = {
			isa = PBXShellScriptBuildPhase;
			buildActionMask = 2147483647;
			files = (
			);
			inputFileListPaths = (
			);
			inputPaths = (
				"${PODS_PODFILE_DIR_PATH}/Podfile.lock",
				"${PODS_ROOT}/Manifest.lock",
			);
			name = "[CP] Check Pods Manifest.lock";
			outputFileListPaths = (
			);
			outputPaths = (
				"$(DERIVED_FILE_DIR)/Pods-CharacterAlarm-checkManifestLockResult.txt",
			);
			runOnlyForDeploymentPostprocessing = 0;
			shellPath = /bin/sh;
			shellScript = "diff \"${PODS_PODFILE_DIR_PATH}/Podfile.lock\" \"${PODS_ROOT}/Manifest.lock\" > /dev/null\nif [ $? != 0 ] ; then\n    # print error to STDERR\n    echo \"error: The sandbox is not in sync with the Podfile.lock. Run 'pod install' or update your CocoaPods installation.\" >&2\n    exit 1\nfi\n# This output is used by Xcode 'outputs' to avoid re-running this script phase.\necho \"SUCCESS\" > \"${SCRIPT_OUTPUT_FILE_0}\"\n";
			showEnvVarsInLog = 0;
		};
		B8EB9EF7A9140EE1AA8713D9 /* [CP] Check Pods Manifest.lock */ = {
			isa = PBXShellScriptBuildPhase;
			buildActionMask = 2147483647;
			files = (
			);
			inputFileListPaths = (
			);
			inputPaths = (
				"${PODS_PODFILE_DIR_PATH}/Podfile.lock",
				"${PODS_ROOT}/Manifest.lock",
			);
			name = "[CP] Check Pods Manifest.lock";
			outputFileListPaths = (
			);
			outputPaths = (
				"$(DERIVED_FILE_DIR)/Pods-CharacterAlarmUITests-checkManifestLockResult.txt",
			);
			runOnlyForDeploymentPostprocessing = 0;
			shellPath = /bin/sh;
			shellScript = "diff \"${PODS_PODFILE_DIR_PATH}/Podfile.lock\" \"${PODS_ROOT}/Manifest.lock\" > /dev/null\nif [ $? != 0 ] ; then\n    # print error to STDERR\n    echo \"error: The sandbox is not in sync with the Podfile.lock. Run 'pod install' or update your CocoaPods installation.\" >&2\n    exit 1\nfi\n# This output is used by Xcode 'outputs' to avoid re-running this script phase.\necho \"SUCCESS\" > \"${SCRIPT_OUTPUT_FILE_0}\"\n";
			showEnvVarsInLog = 0;
		};
/* End PBXShellScriptBuildPhase section */

/* Begin PBXSourcesBuildPhase section */
		8D34C8CB2388174200589375 /* Sources */ = {
			isa = PBXSourcesBuildPhase;
			buildActionMask = 2147483647;
			files = (
				8DF973E523883ACD00ED6DD5 /* ProfileHeader.swift in Sources */,
				8DFCAD3123898DA100F37CC6 /* NewsView.swift in Sources */,
				8DF973D923882F0700ED6DD5 /* ConfigView.swift in Sources */,
				8DF973E32388399400ED6DD5 /* CharacterList.swift in Sources */,
				8D34C8D32388174200589375 /* AppDelegate.swift in Sources */,
				8DA83A39238A5952001B5FD8 /* Config.swift in Sources */,
				8DF973E02388394C00ED6DD5 /* AlarmListView.swift in Sources */,
				8DF973E82388F0B500ED6DD5 /* AlarmDetailView.swift in Sources */,
				8DA83A47238A6098001B5FD8 /* User.swift in Sources */,
				8DA83A49238A60B9001B5FD8 /* Profile.swift in Sources */,
				8DA83A50238A6111001B5FD8 /* CharacterStore.swift in Sources */,
				8DA83A52238A6127001B5FD8 /* ProfileStore.swift in Sources */,
				8DA83A43238A6066001B5FD8 /* Alarm.swift in Sources */,
				8DA83A45238A6080001B5FD8 /* Character.swift in Sources */,
				8DF973EA2389041B00ED6DD5 /* AlarmListRow.swift in Sources */,
				8DA83A54238A6140001B5FD8 /* UserStore.swift in Sources */,
				8DF973DC2388387400ED6DD5 /* ProfileView.swift in Sources */,
				8D34C8D52388174200589375 /* SceneDelegate.swift in Sources */,
				8DA83A4E238A60F6001B5FD8 /* AlarmStore.swift in Sources */,
				8DA83A4B238A60CF001B5FD8 /* News.swift in Sources */,
				8D34C8D72388174200589375 /* ContentView.swift in Sources */,
			);
			runOnlyForDeploymentPostprocessing = 0;
		};
		8D34C8E12388174600589375 /* Sources */ = {
			isa = PBXSourcesBuildPhase;
			buildActionMask = 2147483647;
			files = (
				8D34C8EA2388174600589375 /* CharacterAlarmTests.swift in Sources */,
			);
			runOnlyForDeploymentPostprocessing = 0;
		};
		8D34C8EC2388174600589375 /* Sources */ = {
			isa = PBXSourcesBuildPhase;
			buildActionMask = 2147483647;
			files = (
				8D34C8F52388174600589375 /* CharacterAlarmUITests.swift in Sources */,
			);
			runOnlyForDeploymentPostprocessing = 0;
		};
/* End PBXSourcesBuildPhase section */

/* Begin PBXTargetDependency section */
		8D34C8E72388174600589375 /* PBXTargetDependency */ = {
			isa = PBXTargetDependency;
			target = 8D34C8CE2388174200589375 /* CharacterAlarm */;
			targetProxy = 8D34C8E62388174600589375 /* PBXContainerItemProxy */;
		};
		8D34C8F22388174600589375 /* PBXTargetDependency */ = {
			isa = PBXTargetDependency;
			target = 8D34C8CE2388174200589375 /* CharacterAlarm */;
			targetProxy = 8D34C8F12388174600589375 /* PBXContainerItemProxy */;
		};
/* End PBXTargetDependency section */

/* Begin PBXVariantGroup section */
		8D34C8DD2388174600589375 /* LaunchScreen.storyboard */ = {
			isa = PBXVariantGroup;
			children = (
				8D34C8DE2388174600589375 /* Base */,
			);
			name = LaunchScreen.storyboard;
			sourceTree = "<group>";
		};
/* End PBXVariantGroup section */

/* Begin XCBuildConfiguration section */
		8D34C8F72388174600589375 /* Debug */ = {
			isa = XCBuildConfiguration;
			buildSettings = {
				ALWAYS_SEARCH_USER_PATHS = NO;
				CLANG_ANALYZER_NONNULL = YES;
				CLANG_ANALYZER_NUMBER_OBJECT_CONVERSION = YES_AGGRESSIVE;
				CLANG_CXX_LANGUAGE_STANDARD = "gnu++14";
				CLANG_CXX_LIBRARY = "libc++";
				CLANG_ENABLE_MODULES = YES;
				CLANG_ENABLE_OBJC_ARC = YES;
				CLANG_ENABLE_OBJC_WEAK = YES;
				CLANG_WARN_BLOCK_CAPTURE_AUTORELEASING = YES;
				CLANG_WARN_BOOL_CONVERSION = YES;
				CLANG_WARN_COMMA = YES;
				CLANG_WARN_CONSTANT_CONVERSION = YES;
				CLANG_WARN_DEPRECATED_OBJC_IMPLEMENTATIONS = YES;
				CLANG_WARN_DIRECT_OBJC_ISA_USAGE = YES_ERROR;
				CLANG_WARN_DOCUMENTATION_COMMENTS = YES;
				CLANG_WARN_EMPTY_BODY = YES;
				CLANG_WARN_ENUM_CONVERSION = YES;
				CLANG_WARN_INFINITE_RECURSION = YES;
				CLANG_WARN_INT_CONVERSION = YES;
				CLANG_WARN_NON_LITERAL_NULL_CONVERSION = YES;
				CLANG_WARN_OBJC_IMPLICIT_RETAIN_SELF = YES;
				CLANG_WARN_OBJC_LITERAL_CONVERSION = YES;
				CLANG_WARN_OBJC_ROOT_CLASS = YES_ERROR;
				CLANG_WARN_RANGE_LOOP_ANALYSIS = YES;
				CLANG_WARN_STRICT_PROTOTYPES = YES;
				CLANG_WARN_SUSPICIOUS_MOVE = YES;
				CLANG_WARN_UNGUARDED_AVAILABILITY = YES_AGGRESSIVE;
				CLANG_WARN_UNREACHABLE_CODE = YES;
				CLANG_WARN__DUPLICATE_METHOD_MATCH = YES;
				COPY_PHASE_STRIP = NO;
				DEBUG_INFORMATION_FORMAT = dwarf;
				ENABLE_STRICT_OBJC_MSGSEND = YES;
				ENABLE_TESTABILITY = YES;
				GCC_C_LANGUAGE_STANDARD = gnu11;
				GCC_DYNAMIC_NO_PIC = NO;
				GCC_NO_COMMON_BLOCKS = YES;
				GCC_OPTIMIZATION_LEVEL = 0;
				GCC_PREPROCESSOR_DEFINITIONS = (
					"DEBUG=1",
					"$(inherited)",
				);
				GCC_WARN_64_TO_32_BIT_CONVERSION = YES;
				GCC_WARN_ABOUT_RETURN_TYPE = YES_ERROR;
				GCC_WARN_UNDECLARED_SELECTOR = YES;
				GCC_WARN_UNINITIALIZED_AUTOS = YES_AGGRESSIVE;
				GCC_WARN_UNUSED_FUNCTION = YES;
				GCC_WARN_UNUSED_VARIABLE = YES;
				IPHONEOS_DEPLOYMENT_TARGET = 13.2;
				MTL_ENABLE_DEBUG_INFO = INCLUDE_SOURCE;
				MTL_FAST_MATH = YES;
				ONLY_ACTIVE_ARCH = YES;
				SDKROOT = iphoneos;
				SWIFT_ACTIVE_COMPILATION_CONDITIONS = DEBUG;
				SWIFT_OPTIMIZATION_LEVEL = "-Onone";
			};
			name = Debug;
		};
		8D34C8F82388174600589375 /* Release */ = {
			isa = XCBuildConfiguration;
			buildSettings = {
				ALWAYS_SEARCH_USER_PATHS = NO;
				CLANG_ANALYZER_NONNULL = YES;
				CLANG_ANALYZER_NUMBER_OBJECT_CONVERSION = YES_AGGRESSIVE;
				CLANG_CXX_LANGUAGE_STANDARD = "gnu++14";
				CLANG_CXX_LIBRARY = "libc++";
				CLANG_ENABLE_MODULES = YES;
				CLANG_ENABLE_OBJC_ARC = YES;
				CLANG_ENABLE_OBJC_WEAK = YES;
				CLANG_WARN_BLOCK_CAPTURE_AUTORELEASING = YES;
				CLANG_WARN_BOOL_CONVERSION = YES;
				CLANG_WARN_COMMA = YES;
				CLANG_WARN_CONSTANT_CONVERSION = YES;
				CLANG_WARN_DEPRECATED_OBJC_IMPLEMENTATIONS = YES;
				CLANG_WARN_DIRECT_OBJC_ISA_USAGE = YES_ERROR;
				CLANG_WARN_DOCUMENTATION_COMMENTS = YES;
				CLANG_WARN_EMPTY_BODY = YES;
				CLANG_WARN_ENUM_CONVERSION = YES;
				CLANG_WARN_INFINITE_RECURSION = YES;
				CLANG_WARN_INT_CONVERSION = YES;
				CLANG_WARN_NON_LITERAL_NULL_CONVERSION = YES;
				CLANG_WARN_OBJC_IMPLICIT_RETAIN_SELF = YES;
				CLANG_WARN_OBJC_LITERAL_CONVERSION = YES;
				CLANG_WARN_OBJC_ROOT_CLASS = YES_ERROR;
				CLANG_WARN_RANGE_LOOP_ANALYSIS = YES;
				CLANG_WARN_STRICT_PROTOTYPES = YES;
				CLANG_WARN_SUSPICIOUS_MOVE = YES;
				CLANG_WARN_UNGUARDED_AVAILABILITY = YES_AGGRESSIVE;
				CLANG_WARN_UNREACHABLE_CODE = YES;
				CLANG_WARN__DUPLICATE_METHOD_MATCH = YES;
				COPY_PHASE_STRIP = NO;
				DEBUG_INFORMATION_FORMAT = "dwarf-with-dsym";
				ENABLE_NS_ASSERTIONS = NO;
				ENABLE_STRICT_OBJC_MSGSEND = YES;
				GCC_C_LANGUAGE_STANDARD = gnu11;
				GCC_NO_COMMON_BLOCKS = YES;
				GCC_WARN_64_TO_32_BIT_CONVERSION = YES;
				GCC_WARN_ABOUT_RETURN_TYPE = YES_ERROR;
				GCC_WARN_UNDECLARED_SELECTOR = YES;
				GCC_WARN_UNINITIALIZED_AUTOS = YES_AGGRESSIVE;
				GCC_WARN_UNUSED_FUNCTION = YES;
				GCC_WARN_UNUSED_VARIABLE = YES;
				IPHONEOS_DEPLOYMENT_TARGET = 13.2;
				MTL_ENABLE_DEBUG_INFO = NO;
				MTL_FAST_MATH = YES;
				SDKROOT = iphoneos;
				SWIFT_COMPILATION_MODE = wholemodule;
				SWIFT_OPTIMIZATION_LEVEL = "-O";
				VALIDATE_PRODUCT = YES;
			};
			name = Release;
		};
		8D34C8FA2388174600589375 /* Debug */ = {
			isa = XCBuildConfiguration;
			baseConfigurationReference = 8498D61FC14F6EA4820301B7 /* Pods-CharacterAlarm.debug.xcconfig */;
			buildSettings = {
				ASSETCATALOG_COMPILER_APPICON_NAME = AppIcon;
				CODE_SIGN_STYLE = Automatic;
				CURRENT_PROJECT_VERSION = 15;
				DEVELOPMENT_ASSET_PATHS = "\"CharacterAlarm/Preview Content\"";
				DEVELOPMENT_TEAM = 5RH346BQ66;
				ENABLE_PREVIEWS = YES;
				INFOPLIST_FILE = CharacterAlarm/Info.plist;
				LD_RUNPATH_SEARCH_PATHS = (
					"$(inherited)",
					"@executable_path/Frameworks",
				);
				MARKETING_VERSION = 2.0.0;
				PRODUCT_BUNDLE_IDENTIFIER = com.swiswiswift.CharacterAlarm;
				PRODUCT_NAME = "$(TARGET_NAME)";
				SWIFT_VERSION = 5.0;
				TARGETED_DEVICE_FAMILY = "1,2";
			};
			name = Debug;
		};
		8D34C8FB2388174600589375 /* Release */ = {
			isa = XCBuildConfiguration;
			baseConfigurationReference = 053A9447226106326F1C4C2F /* Pods-CharacterAlarm.release.xcconfig */;
			buildSettings = {
				ASSETCATALOG_COMPILER_APPICON_NAME = AppIcon;
				CODE_SIGN_STYLE = Automatic;
				CURRENT_PROJECT_VERSION = 15;
				DEVELOPMENT_ASSET_PATHS = "\"CharacterAlarm/Preview Content\"";
				DEVELOPMENT_TEAM = 5RH346BQ66;
				ENABLE_PREVIEWS = YES;
				INFOPLIST_FILE = CharacterAlarm/Info.plist;
				LD_RUNPATH_SEARCH_PATHS = (
					"$(inherited)",
					"@executable_path/Frameworks",
				);
				MARKETING_VERSION = 2.0.0;
				PRODUCT_BUNDLE_IDENTIFIER = com.swiswiswift.CharacterAlarm;
				PRODUCT_NAME = "$(TARGET_NAME)";
				SWIFT_VERSION = 5.0;
				TARGETED_DEVICE_FAMILY = "1,2";
			};
			name = Release;
		};
		8D34C8FD2388174600589375 /* Debug */ = {
			isa = XCBuildConfiguration;
			baseConfigurationReference = CE3FD8B8A2D8E8156BB3697D /* Pods-CharacterAlarmTests.debug.xcconfig */;
			buildSettings = {
				ALWAYS_EMBED_SWIFT_STANDARD_LIBRARIES = YES;
				BUNDLE_LOADER = "$(TEST_HOST)";
				CODE_SIGN_STYLE = Automatic;
				DEVELOPMENT_TEAM = 5RH346BQ66;
				INFOPLIST_FILE = CharacterAlarmTests/Info.plist;
				IPHONEOS_DEPLOYMENT_TARGET = 13.2;
				LD_RUNPATH_SEARCH_PATHS = (
					"$(inherited)",
					"@executable_path/Frameworks",
					"@loader_path/Frameworks",
				);
				PRODUCT_BUNDLE_IDENTIFIER = com.swiswiswift.swiftui.CharacterAlarmTests;
				PRODUCT_NAME = "$(TARGET_NAME)";
				SWIFT_VERSION = 5.0;
				TARGETED_DEVICE_FAMILY = "1,2";
				TEST_HOST = "$(BUILT_PRODUCTS_DIR)/CharacterAlarm.app/CharacterAlarm";
			};
			name = Debug;
		};
		8D34C8FE2388174600589375 /* Release */ = {
			isa = XCBuildConfiguration;
			baseConfigurationReference = F89AF1727DEB267A293F08E5 /* Pods-CharacterAlarmTests.release.xcconfig */;
			buildSettings = {
				ALWAYS_EMBED_SWIFT_STANDARD_LIBRARIES = YES;
				BUNDLE_LOADER = "$(TEST_HOST)";
				CODE_SIGN_STYLE = Automatic;
				DEVELOPMENT_TEAM = 5RH346BQ66;
				INFOPLIST_FILE = CharacterAlarmTests/Info.plist;
				IPHONEOS_DEPLOYMENT_TARGET = 13.2;
				LD_RUNPATH_SEARCH_PATHS = (
					"$(inherited)",
					"@executable_path/Frameworks",
					"@loader_path/Frameworks",
				);
				PRODUCT_BUNDLE_IDENTIFIER = com.swiswiswift.swiftui.CharacterAlarmTests;
				PRODUCT_NAME = "$(TARGET_NAME)";
				SWIFT_VERSION = 5.0;
				TARGETED_DEVICE_FAMILY = "1,2";
				TEST_HOST = "$(BUILT_PRODUCTS_DIR)/CharacterAlarm.app/CharacterAlarm";
			};
			name = Release;
		};
		8D34C9002388174600589375 /* Debug */ = {
			isa = XCBuildConfiguration;
			baseConfigurationReference = 59D802A6CAAEB5C83BCCF510 /* Pods-CharacterAlarmUITests.debug.xcconfig */;
			buildSettings = {
				ALWAYS_EMBED_SWIFT_STANDARD_LIBRARIES = YES;
				CODE_SIGN_STYLE = Automatic;
				DEVELOPMENT_TEAM = 5RH346BQ66;
				INFOPLIST_FILE = CharacterAlarmUITests/Info.plist;
				LD_RUNPATH_SEARCH_PATHS = (
					"$(inherited)",
					"@executable_path/Frameworks",
					"@loader_path/Frameworks",
				);
				PRODUCT_BUNDLE_IDENTIFIER = com.swiswiswift.swiftui.CharacterAlarmUITests;
				PRODUCT_NAME = "$(TARGET_NAME)";
				SWIFT_VERSION = 5.0;
				TARGETED_DEVICE_FAMILY = "1,2";
				TEST_TARGET_NAME = CharacterAlarm;
			};
			name = Debug;
		};
		8D34C9012388174600589375 /* Release */ = {
			isa = XCBuildConfiguration;
			baseConfigurationReference = 2DA675F9F44E7EB4C094FF0B /* Pods-CharacterAlarmUITests.release.xcconfig */;
			buildSettings = {
				ALWAYS_EMBED_SWIFT_STANDARD_LIBRARIES = YES;
				CODE_SIGN_STYLE = Automatic;
				DEVELOPMENT_TEAM = 5RH346BQ66;
				INFOPLIST_FILE = CharacterAlarmUITests/Info.plist;
				LD_RUNPATH_SEARCH_PATHS = (
					"$(inherited)",
					"@executable_path/Frameworks",
					"@loader_path/Frameworks",
				);
				PRODUCT_BUNDLE_IDENTIFIER = com.swiswiswift.swiftui.CharacterAlarmUITests;
				PRODUCT_NAME = "$(TARGET_NAME)";
				SWIFT_VERSION = 5.0;
				TARGETED_DEVICE_FAMILY = "1,2";
				TEST_TARGET_NAME = CharacterAlarm;
			};
			name = Release;
		};
/* End XCBuildConfiguration section */

/* Begin XCConfigurationList section */
		8D34C8CA2388174200589375 /* Build configuration list for PBXProject "CharacterAlarm" */ = {
			isa = XCConfigurationList;
			buildConfigurations = (
				8D34C8F72388174600589375 /* Debug */,
				8D34C8F82388174600589375 /* Release */,
			);
			defaultConfigurationIsVisible = 0;
			defaultConfigurationName = Release;
		};
		8D34C8F92388174600589375 /* Build configuration list for PBXNativeTarget "CharacterAlarm" */ = {
			isa = XCConfigurationList;
			buildConfigurations = (
				8D34C8FA2388174600589375 /* Debug */,
				8D34C8FB2388174600589375 /* Release */,
			);
			defaultConfigurationIsVisible = 0;
			defaultConfigurationName = Release;
		};
		8D34C8FC2388174600589375 /* Build configuration list for PBXNativeTarget "CharacterAlarmTests" */ = {
			isa = XCConfigurationList;
			buildConfigurations = (
				8D34C8FD2388174600589375 /* Debug */,
				8D34C8FE2388174600589375 /* Release */,
			);
			defaultConfigurationIsVisible = 0;
			defaultConfigurationName = Release;
		};
		8D34C8FF2388174600589375 /* Build configuration list for PBXNativeTarget "CharacterAlarmUITests" */ = {
			isa = XCConfigurationList;
			buildConfigurations = (
				8D34C9002388174600589375 /* Debug */,
				8D34C9012388174600589375 /* Release */,
			);
			defaultConfigurationIsVisible = 0;
			defaultConfigurationName = Release;
		};
/* End XCConfigurationList section */
	};
	rootObject = 8D34C8C72388174200589375 /* Project object */;
}
