// !$*UTF8*$!
{
	archiveVersion = 1;
	classes = {
	};
	objectVersion = 51;
	objects = {

/* Begin PBXBuildFile section */
		08D42C66CCFB67D3401820AE /* UserInfoView.swift in Sources */ = {isa = PBXBuildFile; fileRef = 567909E25623457C3116C50C /* UserInfoView.swift */; };
		0907F640F2E769DF0963DFA4 /* GoogleService-Info.plist in Resources */ = {isa = PBXBuildFile; fileRef = 04E57941C35B44D88F7DF506 /* GoogleService-Info.plist */; };
		0ED99D75EC0930A133322EBA /* EditAlarmDayOfWeek.swift in Sources */ = {isa = PBXBuildFile; fileRef = 217DB4C8E1DCB1A6088FB75F /* EditAlarmDayOfWeek.swift */; };
		11AA4CAAF5DA8F06948EDD4F /* ContentView.swift in Sources */ = {isa = PBXBuildFile; fileRef = AD65D969A238BEE7686DA4EE /* ContentView.swift */; };
		11FDFD6A92384A68B73AF0B8 /* ConfigViewModel.swift in Sources */ = {isa = PBXBuildFile; fileRef = 1A8A53019E63D289C02CF495 /* ConfigViewModel.swift */; };
		1312196D6C9F98340B13AB2D /* AlarmListRow.swift in Sources */ = {isa = PBXBuildFile; fileRef = 808EEBD408E8DD4EA72DA847 /* AlarmListRow.swift */; };
		148657E6F4133A78029571DC /* CallViewModel.swift in Sources */ = {isa = PBXBuildFile; fileRef = DED0302BB32B9EC33A3B4782 /* CallViewModel.swift */; };
		166B8418DD52B0191C7B694D /* EditAlarmTime.swift in Sources */ = {isa = PBXBuildFile; fileRef = B591A7D7E2BEA4C8D30E52DF /* EditAlarmTime.swift */; };
		1829DC9BF5ECCCDC6E0E0E51 /* CharacterStore.swift in Sources */ = {isa = PBXBuildFile; fileRef = 3435F7157573867044F2090B /* CharacterStore.swift */; };
		1988ADD8330002E2B2E1471C /* CharacterListView.swift in Sources */ = {isa = PBXBuildFile; fileRef = 35150D70128E7259082F158C /* CharacterListView.swift */; };
		2472BB3E1EA6EAA017603893 /* NewsStore.swift in Sources */ = {isa = PBXBuildFile; fileRef = 7150449688142AF83A4F3167 /* NewsStore.swift */; };
		2ACC04405DCC3012C1EEC96D /* TopTimeView.swift in Sources */ = {isa = PBXBuildFile; fileRef = 32D289C438B0540C4EA58400 /* TopTimeView.swift */; };
		31A3CA0969C60A3FDA183A64 /* TutorialView.swift in Sources */ = {isa = PBXBuildFile; fileRef = 05A6CF552089E0E33E384378 /* TutorialView.swift */; };
		34DFC4BE5906213F07F4DC17 /* pokemon.caf in Resources */ = {isa = PBXBuildFile; fileRef = 9E24E1C9214EAF296F0A7F0D /* pokemon.caf */; };
		398EED5399794741B2D21E9E /* NetworkClient.swift in Sources */ = {isa = PBXBuildFile; fileRef = 3C7833C3E29D693846FC1321 /* NetworkClient.swift */; };
		3C4332ED616481C272A287CD /* Pods_CharacterAlarmTests.framework in Frameworks */ = {isa = PBXBuildFile; fileRef = F4762BD1B4947D596C15F33D /* Pods_CharacterAlarmTests.framework */; };
		3F1C4A9E685BE7C815B3333C /* TopViewModel.swift in Sources */ = {isa = PBXBuildFile; fileRef = B23E7635A7CAE0E05FF8BDBB /* TopViewModel.swift */; };
		40499ADB485D37EBFB4C1550 /* UserDefaultsHandler.swift in Sources */ = {isa = PBXBuildFile; fileRef = 555BC61222B11801274795D7 /* UserDefaultsHandler.swift */; };
		4342FA5F6FF17684BB07B027 /* AlarmDetailViewModel.swift in Sources */ = {isa = PBXBuildFile; fileRef = CB80ED78FFF3E8786A4EC4D0 /* AlarmDetailViewModel.swift */; };
		481BD54200732575D96AEF07 /* FileHandlerError.swift in Sources */ = {isa = PBXBuildFile; fileRef = C1B9E17D6F8C60D3866E21ED /* FileHandlerError.swift */; };
		48439B20ECC6C706FF7A06FC /* UserStore.swift in Sources */ = {isa = PBXBuildFile; fileRef = 843E562A121D3647C0E5E367 /* UserStore.swift */; };
		54CE7089272BFD296E2EEC93 /* ConfigView.swift in Sources */ = {isa = PBXBuildFile; fileRef = 25A9200D23155D111130A0FD /* ConfigView.swift */; };
		5ED1355036782D8CD87178CF /* Config.swift in Sources */ = {isa = PBXBuildFile; fileRef = 9A8F361447A4E0FCB38CCC1B /* Config.swift */; };
		608D3E82FA12655CC19ABAE6 /* KeychainHandler.swift in Sources */ = {isa = PBXBuildFile; fileRef = 28006675B4B6829795D55B03 /* KeychainHandler.swift */; };
		614E2BEEACBACC0315D6658F /* PageViewController.swift in Sources */ = {isa = PBXBuildFile; fileRef = D4CD5E9B6747AA9A4AC7BE3D /* PageViewController.swift */; };
		61EE855FA474CD3EAB2530DE /* TutorialType.swift in Sources */ = {isa = PBXBuildFile; fileRef = 15B0ACF19C21B55C29D83E19 /* TutorialType.swift */; };
		63069C631D666919ADB238EC /* CharacterListRow.swift in Sources */ = {isa = PBXBuildFile; fileRef = 3E826133C505EDC6BC8D96E2 /* CharacterListRow.swift */; };
		6412E1FC13D5BA27AD951427 /* TutorialHolderView.swift in Sources */ = {isa = PBXBuildFile; fileRef = 16ACA9E15007FAFB86DB7D97 /* TutorialHolderView.swift */; };
		643706653AC17D6FDF0B50AA /* Notification.swift in Sources */ = {isa = PBXBuildFile; fileRef = 7CC31FDCA006756E498AFE71 /* Notification.swift */; };
		64CA442F03A6ECEF0D97D799 /* AlarmListViewModel.swift in Sources */ = {isa = PBXBuildFile; fileRef = EF5B28299B38EFD5A2D63B5B /* AlarmListViewModel.swift */; };
		65C2EA852856BC25EEFA3C71 /* NewsListView.swift in Sources */ = {isa = PBXBuildFile; fileRef = 645E8A15A50F8B1C13488BA2 /* NewsListView.swift */; };
		6B8CDE249A55154A78193E96 /* Pods_CharacterAlarmUITests.framework in Frameworks */ = {isa = PBXBuildFile; fileRef = B08D967DAECAC52947668725 /* Pods_CharacterAlarmUITests.framework */; };
		759566014BCA6D3D3963E960 /* PageControl.swift in Sources */ = {isa = PBXBuildFile; fileRef = B2C52C1A852F945126AB592F /* PageControl.swift */; };
		76F45DCED11FB4066CE75C83 /* FileHandler.swift in Sources */ = {isa = PBXBuildFile; fileRef = 31E702D8BFCDA316C16B15DA /* FileHandler.swift */; };
		7933C32BCA599EC89BB51E30 /* LaunchScreen.storyboard in Resources */ = {isa = PBXBuildFile; fileRef = 3CF57825F325D3807DDEBF09 /* LaunchScreen.storyboard */; };
		7A1330A190334DF9895DB3D6 /* String+Extension.swift in Sources */ = {isa = PBXBuildFile; fileRef = 6296E3CF29CFD6B4A98B408E /* String+Extension.swift */; };
		8D5CCBFF2562C75D001532AD /* com.charalarm.yui in Resources */ = {isa = PBXBuildFile; fileRef = 8D5CCBFE2562C75D001532AD /* com.charalarm.yui */; };
		8D6961B1255F4C6F00567E35 /* APIHeader.swift in Sources */ = {isa = PBXBuildFile; fileRef = 8D6961B0255F4C6F00567E35 /* APIHeader.swift */; };
		8D6961BD255F59E700567E35 /* Request.swift in Sources */ = {isa = PBXBuildFile; fileRef = 8D6961BC255F59E700567E35 /* Request.swift */; };
		8D6961C5255F59F300567E35 /* Response.swift in Sources */ = {isa = PBXBuildFile; fileRef = 8D6961C4255F59F300567E35 /* Response.swift */; };
		90EAB01C50F16E19E3CF9087 /* NewsListViewModel.swift in Sources */ = {isa = PBXBuildFile; fileRef = 3E0DCDE9ACA3BAF30551323D /* NewsListViewModel.swift */; };
		961391AA3A13EAC26374638C /* Settings.bundle in Resources */ = {isa = PBXBuildFile; fileRef = 6915811511BDD6501346263B /* Settings.bundle */; };
		99509AD2168EF67333C7F9F4 /* EditAlarmName.swift in Sources */ = {isa = PBXBuildFile; fileRef = A2BFD2A8B26884043585844B /* EditAlarmName.swift */; };
		9F760006DD2B1D7D8315A6CA /* TutorialHolderViewModel.swift in Sources */ = {isa = PBXBuildFile; fileRef = CCF1C8B9427358CEFFD3F76C /* TutorialHolderViewModel.swift */; };
		A4CC43333435A97034B6FC43 /* MenuItem.swift in Sources */ = {isa = PBXBuildFile; fileRef = 5F33F32E49A4EC6856AD091A /* MenuItem.swift */; };
		A596EFF24064331BEBC3A719 /* CharalarmError.swift in Sources */ = {isa = PBXBuildFile; fileRef = C888DB207645A9EEC5A1B403 /* CharalarmError.swift */; };
		A993D1DE094919727C9FA442 /* CharacterAlarmUITests.swift in Sources */ = {isa = PBXBuildFile; fileRef = 6F84A5C44E2BDA0D94E2EAF0 /* CharacterAlarmUITests.swift */; };
		AA164CCF50B843854645F232 /* JsonResponseBean.swift in Sources */ = {isa = PBXBuildFile; fileRef = 8328671228E33988C6A1A51F /* JsonResponseBean.swift */; };
		B080A41E07FEDC214DC3C302 /* CharacterListBanner.swift in Sources */ = {isa = PBXBuildFile; fileRef = 6B404262CCC1804646E1B2D0 /* CharacterListBanner.swift */; };
		B0B514B04DB311FF94848F7D /* URLRequest+Extension.swift in Sources */ = {isa = PBXBuildFile; fileRef = D322D7AD26D7BF529573C4E4 /* URLRequest+Extension.swift */; };
		B2CE89C55D2666B672035FB9 /* Pods_CharacterAlarm.framework in Frameworks */ = {isa = PBXBuildFile; fileRef = 2353D7FF93B3C8EE6615C23C /* Pods_CharacterAlarm.framework */; };
		B30E775C9F7D9CA2DC3ACA72 /* Alarm.swift in Sources */ = {isa = PBXBuildFile; fileRef = 895B5510C00A352576589C74 /* Alarm.swift */; };
		B48742926BCFF31C963D7B3D /* News.swift in Sources */ = {isa = PBXBuildFile; fileRef = 442A6EE8DBA273ED06FB06F8 /* News.swift */; };
		B641F5F35BC4267EC0ACBAAC /* Assets.xcassets in Resources */ = {isa = PBXBuildFile; fileRef = DAF7DC4BB6E5B40F852D9EA4 /* Assets.xcassets */; };
		B74650B04FEAB2B737EA60E5 /* CallingView.swift in Sources */ = {isa = PBXBuildFile; fileRef = F61D0CFBD6D1625332704D67 /* CallingView.swift */; };
		B8CBFAB256F731532B226F6C /* Character.swift in Sources */ = {isa = PBXBuildFile; fileRef = 4CA4CA8D022533B34EA5904B /* Character.swift */; };
		BC15ABC1CC9174147689D5E9 /* AlarmListView.swift in Sources */ = {isa = PBXBuildFile; fileRef = 1803BB1D9926421781E1451A /* AlarmListView.swift */; };
		BE7B5AAE281AD698457DAB4F /* ResourceHandler.swift in Sources */ = {isa = PBXBuildFile; fileRef = C019D32E5779DD0890202123 /* ResourceHandler.swift */; };
		C2A5DDE2BD7EA2F1DBD77D02 /* APIRequest.swift in Sources */ = {isa = PBXBuildFile; fileRef = FACA66211D763D0B12DDAE5B /* APIRequest.swift */; };
		C4AD7B0D9C5AE42CC7C4B44F /* ProfileView.swift in Sources */ = {isa = PBXBuildFile; fileRef = 5FB899DF9D87DF6863A9BBB6 /* ProfileView.swift */; };
		C4E627B8416F373BD0919357 /* ProfileViewModel.swift in Sources */ = {isa = PBXBuildFile; fileRef = 42D784D759892964A434D0D8 /* ProfileViewModel.swift */; };
		C589FE7D29B34FE43679E3C9 /* Preview Assets.xcassets in Resources */ = {isa = PBXBuildFile; fileRef = 26E0F02CAC3FE08733496CD0 /* Preview Assets.xcassets */; };
		C8069675E81448D1C68CA8A8 /* RootView.swift in Sources */ = {isa = PBXBuildFile; fileRef = BA51FBF61F90A06BA645545D /* RootView.swift */; };
		C8551D91CC8EA7B7BD209B96 /* PushStore.swift in Sources */ = {isa = PBXBuildFile; fileRef = 49AB5677E8B151AAFA7C724B /* PushStore.swift */; };
		C91BFFFA83242ECFDD851E40 /* AlarmDetailView.swift in Sources */ = {isa = PBXBuildFile; fileRef = A16B08175138B366EE8E2E95 /* AlarmDetailView.swift */; };
		CB21A6F2FB327EDD1FEE0363 /* NewsRow.swift in Sources */ = {isa = PBXBuildFile; fileRef = 61F7C0192AAB09095D2CC7AC /* NewsRow.swift */; };
		CB2C85E3673116531B14AB71 /* AlarmStore.swift in Sources */ = {isa = PBXBuildFile; fileRef = 67B29305D5F25D07B732D385 /* AlarmStore.swift */; };
		CB560F3A2166797860AA3B4A /* ProfileRow.swift in Sources */ = {isa = PBXBuildFile; fileRef = 1DBA03C3D8D726218234689F /* ProfileRow.swift */; };
		D64AB7756DF2E90D28E71308 /* EditAlarmTimeDifference.swift in Sources */ = {isa = PBXBuildFile; fileRef = 00092A54152192C7FC33BB40 /* EditAlarmTimeDifference.swift */; };
		D86EAC411AB7E1AC831D7FF3 /* TopView.swift in Sources */ = {isa = PBXBuildFile; fileRef = 1A83AC04135C53BCEDAC21FE /* TopView.swift */; };
		DA4D126015BB73100732FA46 /* APIClient.swift in Sources */ = {isa = PBXBuildFile; fileRef = B02F8242EB9E7A9BB26C8F54 /* APIClient.swift */; };
		DBAF145005C23E370B54B94B /* AppDelegate.swift in Sources */ = {isa = PBXBuildFile; fileRef = 1E7FC53CB47C8254A518F6A9 /* AppDelegate.swift */; };
		DFC46C9DE5D6CEBD8FB44F5D /* CallView.swift in Sources */ = {isa = PBXBuildFile; fileRef = E06D99BD7472813256B59778 /* CallView.swift */; };
		E0AF7B1D1C81635E9C6144E0 /* CharalarmAppState.swift in Sources */ = {isa = PBXBuildFile; fileRef = 42C52C26A99ADB9ADFDE8E93 /* CharalarmAppState.swift */; };
		ED0F28A3D33080D0877E9B39 /* PageView.swift in Sources */ = {isa = PBXBuildFile; fileRef = 8591C8CA529ED187F7634502 /* PageView.swift */; };
		F40658F7C9EF6D5B22359F3C /* Key.swift in Sources */ = {isa = PBXBuildFile; fileRef = D34F499DA3A438885B364999 /* Key.swift */; };
		F5773CDCAC003D34C58A9714 /* CharacterListViewModel.swift in Sources */ = {isa = PBXBuildFile; fileRef = 42A8CE2D930E90FED5B59D49 /* CharacterListViewModel.swift */; };
		F5A666AB886A37E8B7BC44B1 /* Resource.swift in Sources */ = {isa = PBXBuildFile; fileRef = 5E18293F3BA089986BCBB52C /* Resource.swift */; };
		F71FB21BDF8AEE2B0BB0EBA3 /* SceneDelegate.swift in Sources */ = {isa = PBXBuildFile; fileRef = FB625E3E2FA2DFF1780F812D /* SceneDelegate.swift */; };
		F77E44C61BC44F00671E1EEE /* DayOfWeek.swift in Sources */ = {isa = PBXBuildFile; fileRef = C742906F21791584A845436E /* DayOfWeek.swift */; };
		F978D189A76D0D0B17DEBE8B /* ResourceStore.swift in Sources */ = {isa = PBXBuildFile; fileRef = E49AF8BA3C79A083B2E1165E /* ResourceStore.swift */; };
		FAC1E139983D6AEF6BB37E96 /* CharacterAlarmTests.swift in Sources */ = {isa = PBXBuildFile; fileRef = A5462B9E1B807858459757CA /* CharacterAlarmTests.swift */; };
		FDFA6718B4A255075B4621C6 /* CallKitHandler.swift in Sources */ = {isa = PBXBuildFile; fileRef = 6E315AEE9E265153A751D830 /* CallKitHandler.swift */; };
		FE2AA312258B9125C8F02829 /* TopButtonContent.swift in Sources */ = {isa = PBXBuildFile; fileRef = 790D13A8B5131415CE913CE4 /* TopButtonContent.swift */; };
/* End PBXBuildFile section */

/* Begin PBXContainerItemProxy section */
		2C889D46EE0731FF4B0ADE32 /* PBXContainerItemProxy */ = {
			isa = PBXContainerItemProxy;
			containerPortal = 6F967E943CE435CD69945C17 /* Project object */;
			proxyType = 1;
			remoteGlobalIDString = ED45A90643725F716C84519F;
			remoteInfo = CharacterAlarm;
		};
		641735BA5A28EDAE484461A9 /* PBXContainerItemProxy */ = {
			isa = PBXContainerItemProxy;
			containerPortal = 6F967E943CE435CD69945C17 /* Project object */;
			proxyType = 1;
			remoteGlobalIDString = ED45A90643725F716C84519F;
			remoteInfo = CharacterAlarm;
		};
/* End PBXContainerItemProxy section */

/* Begin PBXFileReference section */
		00092A54152192C7FC33BB40 /* EditAlarmTimeDifference.swift */ = {isa = PBXFileReference; lastKnownFileType = sourcecode.swift; path = EditAlarmTimeDifference.swift; sourceTree = "<group>"; };
		04E57941C35B44D88F7DF506 /* GoogleService-Info.plist */ = {isa = PBXFileReference; lastKnownFileType = text.plist; path = "GoogleService-Info.plist"; sourceTree = "<group>"; };
		05A6CF552089E0E33E384378 /* TutorialView.swift */ = {isa = PBXFileReference; lastKnownFileType = sourcecode.swift; path = TutorialView.swift; sourceTree = "<group>"; };
		15B0ACF19C21B55C29D83E19 /* TutorialType.swift */ = {isa = PBXFileReference; lastKnownFileType = sourcecode.swift; path = TutorialType.swift; sourceTree = "<group>"; };
		16ACA9E15007FAFB86DB7D97 /* TutorialHolderView.swift */ = {isa = PBXFileReference; lastKnownFileType = sourcecode.swift; path = TutorialHolderView.swift; sourceTree = "<group>"; };
		1803BB1D9926421781E1451A /* AlarmListView.swift */ = {isa = PBXFileReference; lastKnownFileType = sourcecode.swift; path = AlarmListView.swift; sourceTree = "<group>"; };
		1A83AC04135C53BCEDAC21FE /* TopView.swift */ = {isa = PBXFileReference; lastKnownFileType = sourcecode.swift; path = TopView.swift; sourceTree = "<group>"; };
		1A8A53019E63D289C02CF495 /* ConfigViewModel.swift */ = {isa = PBXFileReference; lastKnownFileType = sourcecode.swift; path = ConfigViewModel.swift; sourceTree = "<group>"; };
		1AFCF92E3B66DE971325F7FA /* CharacterAlarm.entitlements */ = {isa = PBXFileReference; lastKnownFileType = text.plist.entitlements; path = CharacterAlarm.entitlements; sourceTree = "<group>"; };
		1DBA03C3D8D726218234689F /* ProfileRow.swift */ = {isa = PBXFileReference; lastKnownFileType = sourcecode.swift; path = ProfileRow.swift; sourceTree = "<group>"; };
		1E7FC53CB47C8254A518F6A9 /* AppDelegate.swift */ = {isa = PBXFileReference; lastKnownFileType = sourcecode.swift; path = AppDelegate.swift; sourceTree = "<group>"; };
		217DB4C8E1DCB1A6088FB75F /* EditAlarmDayOfWeek.swift */ = {isa = PBXFileReference; lastKnownFileType = sourcecode.swift; path = EditAlarmDayOfWeek.swift; sourceTree = "<group>"; };
		2353D7FF93B3C8EE6615C23C /* Pods_CharacterAlarm.framework */ = {isa = PBXFileReference; explicitFileType = wrapper.framework; includeInIndex = 0; path = Pods_CharacterAlarm.framework; sourceTree = BUILT_PRODUCTS_DIR; };
		25A9200D23155D111130A0FD /* ConfigView.swift */ = {isa = PBXFileReference; lastKnownFileType = sourcecode.swift; path = ConfigView.swift; sourceTree = "<group>"; };
		26E0F02CAC3FE08733496CD0 /* Preview Assets.xcassets */ = {isa = PBXFileReference; lastKnownFileType = folder.assetcatalog; path = "Preview Assets.xcassets"; sourceTree = "<group>"; };
		28006675B4B6829795D55B03 /* KeychainHandler.swift */ = {isa = PBXFileReference; lastKnownFileType = sourcecode.swift; path = KeychainHandler.swift; sourceTree = "<group>"; };
		31E702D8BFCDA316C16B15DA /* FileHandler.swift */ = {isa = PBXFileReference; lastKnownFileType = sourcecode.swift; path = FileHandler.swift; sourceTree = "<group>"; };
		32D289C438B0540C4EA58400 /* TopTimeView.swift */ = {isa = PBXFileReference; lastKnownFileType = sourcecode.swift; path = TopTimeView.swift; sourceTree = "<group>"; };
		3435F7157573867044F2090B /* CharacterStore.swift */ = {isa = PBXFileReference; lastKnownFileType = sourcecode.swift; path = CharacterStore.swift; sourceTree = "<group>"; };
		35150D70128E7259082F158C /* CharacterListView.swift */ = {isa = PBXFileReference; lastKnownFileType = sourcecode.swift; path = CharacterListView.swift; sourceTree = "<group>"; };
		35255BE4BC91F1A8624690EE /* Pods-CharacterAlarm.release.xcconfig */ = {isa = PBXFileReference; includeInIndex = 1; lastKnownFileType = text.xcconfig; name = "Pods-CharacterAlarm.release.xcconfig"; path = "Target Support Files/Pods-CharacterAlarm/Pods-CharacterAlarm.release.xcconfig"; sourceTree = "<group>"; };
		3C7833C3E29D693846FC1321 /* NetworkClient.swift */ = {isa = PBXFileReference; lastKnownFileType = sourcecode.swift; path = NetworkClient.swift; sourceTree = "<group>"; };
		3E0DCDE9ACA3BAF30551323D /* NewsListViewModel.swift */ = {isa = PBXFileReference; lastKnownFileType = sourcecode.swift; path = NewsListViewModel.swift; sourceTree = "<group>"; };
		3E826133C505EDC6BC8D96E2 /* CharacterListRow.swift */ = {isa = PBXFileReference; lastKnownFileType = sourcecode.swift; path = CharacterListRow.swift; sourceTree = "<group>"; };
		42A8CE2D930E90FED5B59D49 /* CharacterListViewModel.swift */ = {isa = PBXFileReference; lastKnownFileType = sourcecode.swift; path = CharacterListViewModel.swift; sourceTree = "<group>"; };
		42C52C26A99ADB9ADFDE8E93 /* CharalarmAppState.swift */ = {isa = PBXFileReference; lastKnownFileType = sourcecode.swift; path = CharalarmAppState.swift; sourceTree = "<group>"; };
		42D784D759892964A434D0D8 /* ProfileViewModel.swift */ = {isa = PBXFileReference; lastKnownFileType = sourcecode.swift; path = ProfileViewModel.swift; sourceTree = "<group>"; };
		442A6EE8DBA273ED06FB06F8 /* News.swift */ = {isa = PBXFileReference; lastKnownFileType = sourcecode.swift; path = News.swift; sourceTree = "<group>"; };
		49AB5677E8B151AAFA7C724B /* PushStore.swift */ = {isa = PBXFileReference; lastKnownFileType = sourcecode.swift; path = PushStore.swift; sourceTree = "<group>"; };
		4CA4CA8D022533B34EA5904B /* Character.swift */ = {isa = PBXFileReference; lastKnownFileType = sourcecode.swift; path = Character.swift; sourceTree = "<group>"; };
		555BC61222B11801274795D7 /* UserDefaultsHandler.swift */ = {isa = PBXFileReference; lastKnownFileType = sourcecode.swift; path = UserDefaultsHandler.swift; sourceTree = "<group>"; };
		567909E25623457C3116C50C /* UserInfoView.swift */ = {isa = PBXFileReference; lastKnownFileType = sourcecode.swift; path = UserInfoView.swift; sourceTree = "<group>"; };
		575BDABDDF3486CF12F422E5 /* Base */ = {isa = PBXFileReference; lastKnownFileType = file.storyboard; name = Base; path = Base.lproj/LaunchScreen.storyboard; sourceTree = "<group>"; };
		5E18293F3BA089986BCBB52C /* Resource.swift */ = {isa = PBXFileReference; lastKnownFileType = sourcecode.swift; path = Resource.swift; sourceTree = "<group>"; };
		5F33F32E49A4EC6856AD091A /* MenuItem.swift */ = {isa = PBXFileReference; lastKnownFileType = sourcecode.swift; path = MenuItem.swift; sourceTree = "<group>"; };
		5FB899DF9D87DF6863A9BBB6 /* ProfileView.swift */ = {isa = PBXFileReference; lastKnownFileType = sourcecode.swift; path = ProfileView.swift; sourceTree = "<group>"; };
		61F7C0192AAB09095D2CC7AC /* NewsRow.swift */ = {isa = PBXFileReference; lastKnownFileType = sourcecode.swift; path = NewsRow.swift; sourceTree = "<group>"; };
		6296E3CF29CFD6B4A98B408E /* String+Extension.swift */ = {isa = PBXFileReference; lastKnownFileType = sourcecode.swift; path = "String+Extension.swift"; sourceTree = "<group>"; };
		645E8A15A50F8B1C13488BA2 /* NewsListView.swift */ = {isa = PBXFileReference; lastKnownFileType = sourcecode.swift; path = NewsListView.swift; sourceTree = "<group>"; };
		67B29305D5F25D07B732D385 /* AlarmStore.swift */ = {isa = PBXFileReference; lastKnownFileType = sourcecode.swift; path = AlarmStore.swift; sourceTree = "<group>"; };
		6915811511BDD6501346263B /* Settings.bundle */ = {isa = PBXFileReference; lastKnownFileType = "wrapper.plug-in"; path = Settings.bundle; sourceTree = "<group>"; };
		6B404262CCC1804646E1B2D0 /* CharacterListBanner.swift */ = {isa = PBXFileReference; lastKnownFileType = sourcecode.swift; path = CharacterListBanner.swift; sourceTree = "<group>"; };
		6E315AEE9E265153A751D830 /* CallKitHandler.swift */ = {isa = PBXFileReference; lastKnownFileType = sourcecode.swift; path = CallKitHandler.swift; sourceTree = "<group>"; };
		6F7570A04F2499684D4D7DC3 /* Info.plist */ = {isa = PBXFileReference; lastKnownFileType = text.plist; path = Info.plist; sourceTree = "<group>"; };
		6F84A5C44E2BDA0D94E2EAF0 /* CharacterAlarmUITests.swift */ = {isa = PBXFileReference; lastKnownFileType = sourcecode.swift; path = CharacterAlarmUITests.swift; sourceTree = "<group>"; };
		7150449688142AF83A4F3167 /* NewsStore.swift */ = {isa = PBXFileReference; lastKnownFileType = sourcecode.swift; path = NewsStore.swift; sourceTree = "<group>"; };
		790D13A8B5131415CE913CE4 /* TopButtonContent.swift */ = {isa = PBXFileReference; lastKnownFileType = sourcecode.swift; path = TopButtonContent.swift; sourceTree = "<group>"; };
		7CC31FDCA006756E498AFE71 /* Notification.swift */ = {isa = PBXFileReference; lastKnownFileType = sourcecode.swift; path = Notification.swift; sourceTree = "<group>"; };
		808EEBD408E8DD4EA72DA847 /* AlarmListRow.swift */ = {isa = PBXFileReference; lastKnownFileType = sourcecode.swift; path = AlarmListRow.swift; sourceTree = "<group>"; };
		8328671228E33988C6A1A51F /* JsonResponseBean.swift */ = {isa = PBXFileReference; lastKnownFileType = sourcecode.swift; path = JsonResponseBean.swift; sourceTree = "<group>"; };
		843E562A121D3647C0E5E367 /* UserStore.swift */ = {isa = PBXFileReference; lastKnownFileType = sourcecode.swift; path = UserStore.swift; sourceTree = "<group>"; };
		8591C8CA529ED187F7634502 /* PageView.swift */ = {isa = PBXFileReference; lastKnownFileType = sourcecode.swift; path = PageView.swift; sourceTree = "<group>"; };
		895B5510C00A352576589C74 /* Alarm.swift */ = {isa = PBXFileReference; lastKnownFileType = sourcecode.swift; path = Alarm.swift; sourceTree = "<group>"; };
		8D5CCBFE2562C75D001532AD /* com.charalarm.yui */ = {isa = PBXFileReference; lastKnownFileType = folder; path = com.charalarm.yui; sourceTree = "<group>"; };
		8D6961B0255F4C6F00567E35 /* APIHeader.swift */ = {isa = PBXFileReference; lastKnownFileType = sourcecode.swift; path = APIHeader.swift; sourceTree = "<group>"; };
		8D6961BC255F59E700567E35 /* Request.swift */ = {isa = PBXFileReference; lastKnownFileType = sourcecode.swift; path = Request.swift; sourceTree = "<group>"; };
		8D6961C4255F59F300567E35 /* Response.swift */ = {isa = PBXFileReference; lastKnownFileType = sourcecode.swift; path = Response.swift; sourceTree = "<group>"; };
		9A8F361447A4E0FCB38CCC1B /* Config.swift */ = {isa = PBXFileReference; lastKnownFileType = sourcecode.swift; path = Config.swift; sourceTree = "<group>"; };
		9B6ED94D3CA0B43E22A1E969 /* Pods-CharacterAlarmTests.debug.xcconfig */ = {isa = PBXFileReference; includeInIndex = 1; lastKnownFileType = text.xcconfig; name = "Pods-CharacterAlarmTests.debug.xcconfig"; path = "Target Support Files/Pods-CharacterAlarmTests/Pods-CharacterAlarmTests.debug.xcconfig"; sourceTree = "<group>"; };
		9E24E1C9214EAF296F0A7F0D /* pokemon.caf */ = {isa = PBXFileReference; lastKnownFileType = file; path = pokemon.caf; sourceTree = "<group>"; };
		A16B08175138B366EE8E2E95 /* AlarmDetailView.swift */ = {isa = PBXFileReference; lastKnownFileType = sourcecode.swift; path = AlarmDetailView.swift; sourceTree = "<group>"; };
		A2BFD2A8B26884043585844B /* EditAlarmName.swift */ = {isa = PBXFileReference; lastKnownFileType = sourcecode.swift; path = EditAlarmName.swift; sourceTree = "<group>"; };
		A5462B9E1B807858459757CA /* CharacterAlarmTests.swift */ = {isa = PBXFileReference; lastKnownFileType = sourcecode.swift; path = CharacterAlarmTests.swift; sourceTree = "<group>"; };
		A615F8D162AA551A2E63E04E /* Pods-CharacterAlarmUITests.debug.xcconfig */ = {isa = PBXFileReference; includeInIndex = 1; lastKnownFileType = text.xcconfig; name = "Pods-CharacterAlarmUITests.debug.xcconfig"; path = "Target Support Files/Pods-CharacterAlarmUITests/Pods-CharacterAlarmUITests.debug.xcconfig"; sourceTree = "<group>"; };
		AD4ABB027BD141378C0A7E8D /* Pods-CharacterAlarmUITests.release.xcconfig */ = {isa = PBXFileReference; includeInIndex = 1; lastKnownFileType = text.xcconfig; name = "Pods-CharacterAlarmUITests.release.xcconfig"; path = "Target Support Files/Pods-CharacterAlarmUITests/Pods-CharacterAlarmUITests.release.xcconfig"; sourceTree = "<group>"; };
		AD65D969A238BEE7686DA4EE /* ContentView.swift */ = {isa = PBXFileReference; lastKnownFileType = sourcecode.swift; path = ContentView.swift; sourceTree = "<group>"; };
		B02F8242EB9E7A9BB26C8F54 /* APIClient.swift */ = {isa = PBXFileReference; lastKnownFileType = sourcecode.swift; path = APIClient.swift; sourceTree = "<group>"; };
		B08D967DAECAC52947668725 /* Pods_CharacterAlarmUITests.framework */ = {isa = PBXFileReference; explicitFileType = wrapper.framework; includeInIndex = 0; path = Pods_CharacterAlarmUITests.framework; sourceTree = BUILT_PRODUCTS_DIR; };
		B23E7635A7CAE0E05FF8BDBB /* TopViewModel.swift */ = {isa = PBXFileReference; lastKnownFileType = sourcecode.swift; path = TopViewModel.swift; sourceTree = "<group>"; };
		B2C52C1A852F945126AB592F /* PageControl.swift */ = {isa = PBXFileReference; lastKnownFileType = sourcecode.swift; path = PageControl.swift; sourceTree = "<group>"; };
		B591A7D7E2BEA4C8D30E52DF /* EditAlarmTime.swift */ = {isa = PBXFileReference; lastKnownFileType = sourcecode.swift; path = EditAlarmTime.swift; sourceTree = "<group>"; };
		BA51FBF61F90A06BA645545D /* RootView.swift */ = {isa = PBXFileReference; lastKnownFileType = sourcecode.swift; path = RootView.swift; sourceTree = "<group>"; };
		BB58FC93558ECD02693905FD /* CharacterAlarm.app */ = {isa = PBXFileReference; explicitFileType = wrapper.application; includeInIndex = 0; path = CharacterAlarm.app; sourceTree = BUILT_PRODUCTS_DIR; };
		C019D32E5779DD0890202123 /* ResourceHandler.swift */ = {isa = PBXFileReference; lastKnownFileType = sourcecode.swift; path = ResourceHandler.swift; sourceTree = "<group>"; };
		C04848E6DA790BC828920D62 /* CharacterAlarmTests.xctest */ = {isa = PBXFileReference; includeInIndex = 0; lastKnownFileType = wrapper.cfbundle; path = CharacterAlarmTests.xctest; sourceTree = BUILT_PRODUCTS_DIR; };
		C1B9E17D6F8C60D3866E21ED /* FileHandlerError.swift */ = {isa = PBXFileReference; lastKnownFileType = sourcecode.swift; path = FileHandlerError.swift; sourceTree = "<group>"; };
		C44003B0D26F8FD5293A4F6C /* Pods-CharacterAlarmTests.release.xcconfig */ = {isa = PBXFileReference; includeInIndex = 1; lastKnownFileType = text.xcconfig; name = "Pods-CharacterAlarmTests.release.xcconfig"; path = "Target Support Files/Pods-CharacterAlarmTests/Pods-CharacterAlarmTests.release.xcconfig"; sourceTree = "<group>"; };
		C742906F21791584A845436E /* DayOfWeek.swift */ = {isa = PBXFileReference; lastKnownFileType = sourcecode.swift; path = DayOfWeek.swift; sourceTree = "<group>"; };
		C77FE7757285D78CA7096C64 /* CharacterAlarmUITests.xctest */ = {isa = PBXFileReference; includeInIndex = 0; lastKnownFileType = wrapper.cfbundle; path = CharacterAlarmUITests.xctest; sourceTree = BUILT_PRODUCTS_DIR; };
		C888DB207645A9EEC5A1B403 /* CharalarmError.swift */ = {isa = PBXFileReference; lastKnownFileType = sourcecode.swift; path = CharalarmError.swift; sourceTree = "<group>"; };
		CB80ED78FFF3E8786A4EC4D0 /* AlarmDetailViewModel.swift */ = {isa = PBXFileReference; lastKnownFileType = sourcecode.swift; path = AlarmDetailViewModel.swift; sourceTree = "<group>"; };
		CCF1C8B9427358CEFFD3F76C /* TutorialHolderViewModel.swift */ = {isa = PBXFileReference; lastKnownFileType = sourcecode.swift; path = TutorialHolderViewModel.swift; sourceTree = "<group>"; };
		D322D7AD26D7BF529573C4E4 /* URLRequest+Extension.swift */ = {isa = PBXFileReference; lastKnownFileType = sourcecode.swift; path = "URLRequest+Extension.swift"; sourceTree = "<group>"; };
		D34F499DA3A438885B364999 /* Key.swift */ = {isa = PBXFileReference; lastKnownFileType = sourcecode.swift; path = Key.swift; sourceTree = "<group>"; };
		D4CD5E9B6747AA9A4AC7BE3D /* PageViewController.swift */ = {isa = PBXFileReference; lastKnownFileType = sourcecode.swift; path = PageViewController.swift; sourceTree = "<group>"; };
		D643DDE403E6F2B0EE897D2A /* CharacterAlarmRelease.entitlements */ = {isa = PBXFileReference; lastKnownFileType = text.plist.entitlements; path = CharacterAlarmRelease.entitlements; sourceTree = "<group>"; };
		DAF7DC4BB6E5B40F852D9EA4 /* Assets.xcassets */ = {isa = PBXFileReference; lastKnownFileType = folder.assetcatalog; path = Assets.xcassets; sourceTree = "<group>"; };
		DBF920625C7AABEDC943450C /* Info.plist */ = {isa = PBXFileReference; lastKnownFileType = text.plist; path = Info.plist; sourceTree = "<group>"; };
		DE6783F14A67F5028EA4044F /* Pods-CharacterAlarm.debug.xcconfig */ = {isa = PBXFileReference; includeInIndex = 1; lastKnownFileType = text.xcconfig; name = "Pods-CharacterAlarm.debug.xcconfig"; path = "Target Support Files/Pods-CharacterAlarm/Pods-CharacterAlarm.debug.xcconfig"; sourceTree = "<group>"; };
		DED0302BB32B9EC33A3B4782 /* CallViewModel.swift */ = {isa = PBXFileReference; lastKnownFileType = sourcecode.swift; path = CallViewModel.swift; sourceTree = "<group>"; };
		DF987FCB1D6D32047350A2CB /* Info.plist */ = {isa = PBXFileReference; lastKnownFileType = text.plist; path = Info.plist; sourceTree = "<group>"; };
		E06D99BD7472813256B59778 /* CallView.swift */ = {isa = PBXFileReference; lastKnownFileType = sourcecode.swift; path = CallView.swift; sourceTree = "<group>"; };
		E2BC393EFA0B83134BF62B24 /* CharacterAlarmDebug.entitlements */ = {isa = PBXFileReference; lastKnownFileType = text.plist.entitlements; path = CharacterAlarmDebug.entitlements; sourceTree = "<group>"; };
		E49AF8BA3C79A083B2E1165E /* ResourceStore.swift */ = {isa = PBXFileReference; lastKnownFileType = sourcecode.swift; path = ResourceStore.swift; sourceTree = "<group>"; };
		EF5B28299B38EFD5A2D63B5B /* AlarmListViewModel.swift */ = {isa = PBXFileReference; lastKnownFileType = sourcecode.swift; path = AlarmListViewModel.swift; sourceTree = "<group>"; };
		F4762BD1B4947D596C15F33D /* Pods_CharacterAlarmTests.framework */ = {isa = PBXFileReference; explicitFileType = wrapper.framework; includeInIndex = 0; path = Pods_CharacterAlarmTests.framework; sourceTree = BUILT_PRODUCTS_DIR; };
		F61D0CFBD6D1625332704D67 /* CallingView.swift */ = {isa = PBXFileReference; lastKnownFileType = sourcecode.swift; path = CallingView.swift; sourceTree = "<group>"; };
		FACA66211D763D0B12DDAE5B /* APIRequest.swift */ = {isa = PBXFileReference; lastKnownFileType = sourcecode.swift; path = APIRequest.swift; sourceTree = "<group>"; };
		FB625E3E2FA2DFF1780F812D /* SceneDelegate.swift */ = {isa = PBXFileReference; lastKnownFileType = sourcecode.swift; path = SceneDelegate.swift; sourceTree = "<group>"; };
/* End PBXFileReference section */

/* Begin PBXFrameworksBuildPhase section */
		03403EF99F0EA9D1F749218D /* Frameworks */ = {
			isa = PBXFrameworksBuildPhase;
			buildActionMask = 2147483647;
			files = (
				6B8CDE249A55154A78193E96 /* Pods_CharacterAlarmUITests.framework in Frameworks */,
			);
			runOnlyForDeploymentPostprocessing = 0;
		};
		2CCDB4E3FDE8D6E13779D53C /* Frameworks */ = {
			isa = PBXFrameworksBuildPhase;
			buildActionMask = 2147483647;
			files = (
				B2CE89C55D2666B672035FB9 /* Pods_CharacterAlarm.framework in Frameworks */,
			);
			runOnlyForDeploymentPostprocessing = 0;
		};
		C7B515D6F0394BF823339672 /* Frameworks */ = {
			isa = PBXFrameworksBuildPhase;
			buildActionMask = 2147483647;
			files = (
				3C4332ED616481C272A287CD /* Pods_CharacterAlarmTests.framework in Frameworks */,
			);
			runOnlyForDeploymentPostprocessing = 0;
		};
/* End PBXFrameworksBuildPhase section */

/* Begin PBXGroup section */
		28EA1F8D8A0A85749D3C78A9 /* EditAlarmDayOfWeek */ = {
			isa = PBXGroup;
			children = (
				217DB4C8E1DCB1A6088FB75F /* EditAlarmDayOfWeek.swift */,
			);
			path = EditAlarmDayOfWeek;
			sourceTree = "<group>";
		};
		2B243260D51EC20A6FD094DD /* Pods */ = {
			isa = PBXGroup;
			children = (
				DE6783F14A67F5028EA4044F /* Pods-CharacterAlarm.debug.xcconfig */,
				35255BE4BC91F1A8624690EE /* Pods-CharacterAlarm.release.xcconfig */,
				9B6ED94D3CA0B43E22A1E969 /* Pods-CharacterAlarmTests.debug.xcconfig */,
				C44003B0D26F8FD5293A4F6C /* Pods-CharacterAlarmTests.release.xcconfig */,
				A615F8D162AA551A2E63E04E /* Pods-CharacterAlarmUITests.debug.xcconfig */,
				AD4ABB027BD141378C0A7E8D /* Pods-CharacterAlarmUITests.release.xcconfig */,
			);
			path = Pods;
			sourceTree = "<group>";
		};
		2C3A6CBFE0EA874037556100 /* CallKit */ = {
			isa = PBXGroup;
			children = (
				6E315AEE9E265153A751D830 /* CallKitHandler.swift */,
			);
			path = CallKit;
			sourceTree = "<group>";
		};
		35CE0717DB5E83C7E13D8178 /* Entity */ = {
			isa = PBXGroup;
			children = (
				8D6961BB255F59B200567E35 /* Response */,
				4CA4CA8D022533B34EA5904B /* Character.swift */,
				42C52C26A99ADB9ADFDE8E93 /* CharalarmAppState.swift */,
				C742906F21791584A845436E /* DayOfWeek.swift */,
				8328671228E33988C6A1A51F /* JsonResponseBean.swift */,
				442A6EE8DBA273ED06FB06F8 /* News.swift */,
				5E18293F3BA089986BCBB52C /* Resource.swift */,
				8D6961BC255F59E700567E35 /* Request.swift */,
				8D6961C4255F59F300567E35 /* Response.swift */,
			);
			path = Entity;
			sourceTree = "<group>";
		};
		37BCF0E81B976D82B5B11590 /* CharacterAlarm */ = {
			isa = PBXGroup;
			children = (
				8D5CCBFD2562C727001532AD /* Resource */,
				1E7FC53CB47C8254A518F6A9 /* AppDelegate.swift */,
				DAF7DC4BB6E5B40F852D9EA4 /* Assets.xcassets */,
				1AFCF92E3B66DE971325F7FA /* CharacterAlarm.entitlements */,
				E2BC393EFA0B83134BF62B24 /* CharacterAlarmDebug.entitlements */,
				D643DDE403E6F2B0EE897D2A /* CharacterAlarmRelease.entitlements */,
				9A8F361447A4E0FCB38CCC1B /* Config.swift */,
				04E57941C35B44D88F7DF506 /* GoogleService-Info.plist */,
				6F7570A04F2499684D4D7DC3 /* Info.plist */,
				D34F499DA3A438885B364999 /* Key.swift */,
				3CF57825F325D3807DDEBF09 /* LaunchScreen.storyboard */,
				9E24E1C9214EAF296F0A7F0D /* pokemon.caf */,
				FB625E3E2FA2DFF1780F812D /* SceneDelegate.swift */,
				6915811511BDD6501346263B /* Settings.bundle */,
				2C3A6CBFE0EA874037556100 /* CallKit */,
				35CE0717DB5E83C7E13D8178 /* Entity */,
				3EBDC566ED9D171F6602B8AF /* Error */,
				CFD2089E174D62D9A6D5369F /* Extension */,
				A86FC17B0341D60E1D5BEF39 /* Handler */,
				88EFFA2A960085B12662077A /* Network */,
				859D7109CB3084A7CBBF75A8 /* Notification */,
				EE77FDB621310FC6233891F7 /* Preview Content */,
				6B95F0061E5FDFDD18EC5B04 /* Store */,
				81E8DF6F97C5B6143187E5A7 /* Views */,
			);
			path = CharacterAlarm;
			sourceTree = "<group>";
		};
		3DADE3545129FC5F235EDE91 /* CharacterAlarmUITests */ = {
			isa = PBXGroup;
			children = (
				6F84A5C44E2BDA0D94E2EAF0 /* CharacterAlarmUITests.swift */,
				DBF920625C7AABEDC943450C /* Info.plist */,
			);
			path = CharacterAlarmUITests;
			sourceTree = "<group>";
		};
		3EBDC566ED9D171F6602B8AF /* Error */ = {
			isa = PBXGroup;
			children = (
				C888DB207645A9EEC5A1B403 /* CharalarmError.swift */,
				C1B9E17D6F8C60D3866E21ED /* FileHandlerError.swift */,
			);
			path = Error;
			sourceTree = "<group>";
		};
		42E351670F89639881A99456 /* CharacterList */ = {
			isa = PBXGroup;
			children = (
				35150D70128E7259082F158C /* CharacterListView.swift */,
				42A8CE2D930E90FED5B59D49 /* CharacterListViewModel.swift */,
				764BBA6785986FDCDD5CD8AF /* Components */,
			);
			path = CharacterList;
			sourceTree = "<group>";
		};
		5273FFA3F5FB8830551F48B6 /* Top */ = {
			isa = PBXGroup;
			children = (
				1A83AC04135C53BCEDAC21FE /* TopView.swift */,
				B23E7635A7CAE0E05FF8BDBB /* TopViewModel.swift */,
				F62CCBAC9B22C416F208810D /* Components */,
			);
			path = Top;
			sourceTree = "<group>";
		};
		5654D4247A1DA8CD322C0B2E /* Profile */ = {
			isa = PBXGroup;
			children = (
				1DBA03C3D8D726218234689F /* ProfileRow.swift */,
				5FB899DF9D87DF6863A9BBB6 /* ProfileView.swift */,
				42D784D759892964A434D0D8 /* ProfileViewModel.swift */,
				AC47A1153DD56B806DFBE9EF /* View */,
			);
			path = Profile;
			sourceTree = "<group>";
		};
		6B03C256EBD4A9B4093EB9D7 /* EditAlarmName */ = {
			isa = PBXGroup;
			children = (
				A2BFD2A8B26884043585844B /* EditAlarmName.swift */,
			);
			path = EditAlarmName;
			sourceTree = "<group>";
		};
		6B95F0061E5FDFDD18EC5B04 /* Store */ = {
			isa = PBXGroup;
			children = (
				67B29305D5F25D07B732D385 /* AlarmStore.swift */,
				843E562A121D3647C0E5E367 /* UserStore.swift */,
				3435F7157573867044F2090B /* CharacterStore.swift */,
				7150449688142AF83A4F3167 /* NewsStore.swift */,
				49AB5677E8B151AAFA7C724B /* PushStore.swift */,
				E49AF8BA3C79A083B2E1165E /* ResourceStore.swift */,
			);
			path = Store;
			sourceTree = "<group>";
		};
		75E9F94CE7B7AEC2CC79C066 /* AlarmList */ = {
			isa = PBXGroup;
			children = (
				808EEBD408E8DD4EA72DA847 /* AlarmListRow.swift */,
				1803BB1D9926421781E1451A /* AlarmListView.swift */,
				EF5B28299B38EFD5A2D63B5B /* AlarmListViewModel.swift */,
			);
			path = AlarmList;
			sourceTree = "<group>";
		};
		764BBA6785986FDCDD5CD8AF /* Components */ = {
			isa = PBXGroup;
			children = (
				6B404262CCC1804646E1B2D0 /* CharacterListBanner.swift */,
				3E826133C505EDC6BC8D96E2 /* CharacterListRow.swift */,
			);
			path = Components;
			sourceTree = "<group>";
		};
		7B7EB30DF8452AC2C05628CF /* EditTimeDifference */ = {
			isa = PBXGroup;
			children = (
				00092A54152192C7FC33BB40 /* EditAlarmTimeDifference.swift */,
			);
			path = EditTimeDifference;
			sourceTree = "<group>";
		};
		81E8DF6F97C5B6143187E5A7 /* Views */ = {
			isa = PBXGroup;
			children = (
				F61D0CFBD6D1625332704D67 /* CallingView.swift */,
				AD65D969A238BEE7686DA4EE /* ContentView.swift */,
				BA51FBF61F90A06BA645545D /* RootView.swift */,
				924C10A9304F65F081128E74 /* AlarmDetail */,
				75E9F94CE7B7AEC2CC79C066 /* AlarmList */,
				B5AC1560D658880B7FF7C4B5 /* CallView */,
				42E351670F89639881A99456 /* CharacterList */,
				E51383F6B01941AB09D2A8AA /* Config */,
				28EA1F8D8A0A85749D3C78A9 /* EditAlarmDayOfWeek */,
				6B03C256EBD4A9B4093EB9D7 /* EditAlarmName */,
				87DF0608B957E54331636FB5 /* EditAlarmTime */,
				7B7EB30DF8452AC2C05628CF /* EditTimeDifference */,
				A80876C4BFBAEBD07EC63732 /* News */,
				5654D4247A1DA8CD322C0B2E /* Profile */,
				5273FFA3F5FB8830551F48B6 /* Top */,
				C40F414AC00388EE0DA74284 /* Tutorial */,
				9748673E4B141878E565C5A2 /* UserInfo */,
			);
			path = Views;
			sourceTree = "<group>";
		};
		859D7109CB3084A7CBBF75A8 /* Notification */ = {
			isa = PBXGroup;
			children = (
				7CC31FDCA006756E498AFE71 /* Notification.swift */,
			);
			path = Notification;
			sourceTree = "<group>";
		};
		87DF0608B957E54331636FB5 /* EditAlarmTime */ = {
			isa = PBXGroup;
			children = (
				B591A7D7E2BEA4C8D30E52DF /* EditAlarmTime.swift */,
			);
			path = EditAlarmTime;
			sourceTree = "<group>";
		};
		88EFFA2A960085B12662077A /* Network */ = {
			isa = PBXGroup;
			children = (
				B02F8242EB9E7A9BB26C8F54 /* APIClient.swift */,
				FACA66211D763D0B12DDAE5B /* APIRequest.swift */,
				3C7833C3E29D693846FC1321 /* NetworkClient.swift */,
				8D6961B0255F4C6F00567E35 /* APIHeader.swift */,
			);
			path = Network;
			sourceTree = "<group>";
		};
		8D5CCBFD2562C727001532AD /* Resource */ = {
			isa = PBXGroup;
			children = (
				8D5CCBFE2562C75D001532AD /* com.charalarm.yui */,
			);
			path = Resource;
			sourceTree = "<group>";
		};
		8D6961BB255F59B200567E35 /* Response */ = {
			isa = PBXGroup;
			children = (
				895B5510C00A352576589C74 /* Alarm.swift */,
			);
			path = Response;
			sourceTree = "<group>";
		};
		924C10A9304F65F081128E74 /* AlarmDetail */ = {
			isa = PBXGroup;
			children = (
				A16B08175138B366EE8E2E95 /* AlarmDetailView.swift */,
				CB80ED78FFF3E8786A4EC4D0 /* AlarmDetailViewModel.swift */,
			);
			path = AlarmDetail;
			sourceTree = "<group>";
		};
		9748673E4B141878E565C5A2 /* UserInfo */ = {
			isa = PBXGroup;
			children = (
				567909E25623457C3116C50C /* UserInfoView.swift */,
			);
			path = UserInfo;
			sourceTree = "<group>";
		};
		A769590120CB6B1811F10409 = {
			isa = PBXGroup;
			children = (
				37BCF0E81B976D82B5B11590 /* CharacterAlarm */,
				C5C2DA35224F73FF3E48A5BC /* CharacterAlarmTests */,
				3DADE3545129FC5F235EDE91 /* CharacterAlarmUITests */,
				E57C0EA9139C91D90B3CCC8B /* Products */,
				2B243260D51EC20A6FD094DD /* Pods */,
				B65689990BABF498482D4799 /* Frameworks */,
			);
			sourceTree = "<group>";
		};
		A80876C4BFBAEBD07EC63732 /* News */ = {
			isa = PBXGroup;
			children = (
				645E8A15A50F8B1C13488BA2 /* NewsListView.swift */,
				3E0DCDE9ACA3BAF30551323D /* NewsListViewModel.swift */,
				61F7C0192AAB09095D2CC7AC /* NewsRow.swift */,
			);
			path = News;
			sourceTree = "<group>";
		};
		A86FC17B0341D60E1D5BEF39 /* Handler */ = {
			isa = PBXGroup;
			children = (
				31E702D8BFCDA316C16B15DA /* FileHandler.swift */,
				28006675B4B6829795D55B03 /* KeychainHandler.swift */,
				C019D32E5779DD0890202123 /* ResourceHandler.swift */,
				555BC61222B11801274795D7 /* UserDefaultsHandler.swift */,
			);
			path = Handler;
			sourceTree = "<group>";
		};
		AC47A1153DD56B806DFBE9EF /* View */ = {
			isa = PBXGroup;
			children = (
				5F33F32E49A4EC6856AD091A /* MenuItem.swift */,
			);
			path = View;
			sourceTree = "<group>";
		};
		B5AC1560D658880B7FF7C4B5 /* CallView */ = {
			isa = PBXGroup;
			children = (
				E06D99BD7472813256B59778 /* CallView.swift */,
				DED0302BB32B9EC33A3B4782 /* CallViewModel.swift */,
			);
			path = CallView;
			sourceTree = "<group>";
		};
		B65689990BABF498482D4799 /* Frameworks */ = {
			isa = PBXGroup;
			children = (
				2353D7FF93B3C8EE6615C23C /* Pods_CharacterAlarm.framework */,
				F4762BD1B4947D596C15F33D /* Pods_CharacterAlarmTests.framework */,
				B08D967DAECAC52947668725 /* Pods_CharacterAlarmUITests.framework */,
			);
			name = Frameworks;
			sourceTree = "<group>";
		};
		C40F414AC00388EE0DA74284 /* Tutorial */ = {
			isa = PBXGroup;
			children = (
				B2C52C1A852F945126AB592F /* PageControl.swift */,
				8591C8CA529ED187F7634502 /* PageView.swift */,
				D4CD5E9B6747AA9A4AC7BE3D /* PageViewController.swift */,
				16ACA9E15007FAFB86DB7D97 /* TutorialHolderView.swift */,
				CCF1C8B9427358CEFFD3F76C /* TutorialHolderViewModel.swift */,
				15B0ACF19C21B55C29D83E19 /* TutorialType.swift */,
				05A6CF552089E0E33E384378 /* TutorialView.swift */,
			);
			path = Tutorial;
			sourceTree = "<group>";
		};
		C5C2DA35224F73FF3E48A5BC /* CharacterAlarmTests */ = {
			isa = PBXGroup;
			children = (
				A5462B9E1B807858459757CA /* CharacterAlarmTests.swift */,
				DF987FCB1D6D32047350A2CB /* Info.plist */,
			);
			path = CharacterAlarmTests;
			sourceTree = "<group>";
		};
		CFD2089E174D62D9A6D5369F /* Extension */ = {
			isa = PBXGroup;
			children = (
				6296E3CF29CFD6B4A98B408E /* String+Extension.swift */,
				D322D7AD26D7BF529573C4E4 /* URLRequest+Extension.swift */,
			);
			path = Extension;
			sourceTree = "<group>";
		};
		E51383F6B01941AB09D2A8AA /* Config */ = {
			isa = PBXGroup;
			children = (
				25A9200D23155D111130A0FD /* ConfigView.swift */,
				1A8A53019E63D289C02CF495 /* ConfigViewModel.swift */,
			);
			path = Config;
			sourceTree = "<group>";
		};
		E57C0EA9139C91D90B3CCC8B /* Products */ = {
			isa = PBXGroup;
			children = (
				BB58FC93558ECD02693905FD /* CharacterAlarm.app */,
				C04848E6DA790BC828920D62 /* CharacterAlarmTests.xctest */,
				C77FE7757285D78CA7096C64 /* CharacterAlarmUITests.xctest */,
			);
			name = Products;
			sourceTree = "<group>";
		};
		EE77FDB621310FC6233891F7 /* Preview Content */ = {
			isa = PBXGroup;
			children = (
				26E0F02CAC3FE08733496CD0 /* Preview Assets.xcassets */,
			);
			path = "Preview Content";
			sourceTree = "<group>";
		};
		F62CCBAC9B22C416F208810D /* Components */ = {
			isa = PBXGroup;
			children = (
				790D13A8B5131415CE913CE4 /* TopButtonContent.swift */,
				32D289C438B0540C4EA58400 /* TopTimeView.swift */,
			);
			path = Components;
			sourceTree = "<group>";
		};
/* End PBXGroup section */

/* Begin PBXNativeTarget section */
		904AEDF6F4F8C190C31FB1B4 /* CharacterAlarmTests */ = {
			isa = PBXNativeTarget;
			buildConfigurationList = D0D9DE266E18E8C484C35F4E /* Build configuration list for PBXNativeTarget "CharacterAlarmTests" */;
			buildPhases = (
				06CA5DFDDAD122E88E1BF21D /* [CP] Check Pods Manifest.lock */,
				597F9CE093AF97AC4561D974 /* Sources */,
				C7B515D6F0394BF823339672 /* Frameworks */,
			);
			buildRules = (
			);
			dependencies = (
				F26FA555776AC0A2F5A319AE /* PBXTargetDependency */,
			);
			name = CharacterAlarmTests;
			productName = CharacterAlarmTests;
			productReference = C04848E6DA790BC828920D62 /* CharacterAlarmTests.xctest */;
			productType = "com.apple.product-type.bundle.unit-test";
		};
		D992EF5CEA2A2B7E43224934 /* CharacterAlarmUITests */ = {
			isa = PBXNativeTarget;
			buildConfigurationList = 3C2C07862B9D925806EBC621 /* Build configuration list for PBXNativeTarget "CharacterAlarmUITests" */;
			buildPhases = (
				76C3C555C141843C56F55CE8 /* [CP] Check Pods Manifest.lock */,
				BDD17EF351DE7B33E31724E7 /* Sources */,
				03403EF99F0EA9D1F749218D /* Frameworks */,
			);
			buildRules = (
			);
			dependencies = (
				2893B7ED54B225A6B67D97BA /* PBXTargetDependency */,
			);
			name = CharacterAlarmUITests;
			productName = CharacterAlarmUITests;
			productReference = C77FE7757285D78CA7096C64 /* CharacterAlarmUITests.xctest */;
			productType = "com.apple.product-type.bundle.ui-testing";
		};
		ED45A90643725F716C84519F /* CharacterAlarm */ = {
			isa = PBXNativeTarget;
			buildConfigurationList = 16FA6D4E25ABA28ADE4EF745 /* Build configuration list for PBXNativeTarget "CharacterAlarm" */;
			buildPhases = (
				39C8CDBCF3E482D80F27DD51 /* [CP] Check Pods Manifest.lock */,
				283677541E1ABE382FCD03B8 /* Sources */,
				02DDFF1E83D1B89FD854A7CF /* Resources */,
				2CCDB4E3FDE8D6E13779D53C /* Frameworks */,
				C10D3F8AC3E30ADB5E690428 /* [CP] Embed Pods Frameworks */,
			);
			buildRules = (
			);
			dependencies = (
			);
			name = CharacterAlarm;
			productName = CharacterAlarm;
			productReference = BB58FC93558ECD02693905FD /* CharacterAlarm.app */;
			productType = "com.apple.product-type.application";
		};
/* End PBXNativeTarget section */

/* Begin PBXProject section */
		6F967E943CE435CD69945C17 /* Project object */ = {
			isa = PBXProject;
			attributes = {
				LastUpgradeCheck = 1020;
				TargetAttributes = {
					D992EF5CEA2A2B7E43224934 = {
						TestTargetID = ED45A90643725F716C84519F;
					};
					ED45A90643725F716C84519F = {
						DevelopmentTeam = 5RH346BQ66;
						ProvisioningStyle = Automatic;
					};
				};
			};
			buildConfigurationList = 4070A7C660950EBBE624FC5E /* Build configuration list for PBXProject "CharacterAlarm" */;
			compatibilityVersion = "Xcode 10.0";
			developmentRegion = en;
			hasScannedForEncodings = 0;
			knownRegions = (
				en,
				Base,
			);
			mainGroup = A769590120CB6B1811F10409;
			productRefGroup = E57C0EA9139C91D90B3CCC8B /* Products */;
			projectDirPath = "";
			projectRoot = "";
			targets = (
				ED45A90643725F716C84519F /* CharacterAlarm */,
				904AEDF6F4F8C190C31FB1B4 /* CharacterAlarmTests */,
				D992EF5CEA2A2B7E43224934 /* CharacterAlarmUITests */,
			);
		};
/* End PBXProject section */

/* Begin PBXResourcesBuildPhase section */
		02DDFF1E83D1B89FD854A7CF /* Resources */ = {
			isa = PBXResourcesBuildPhase;
			buildActionMask = 2147483647;
			files = (
				B641F5F35BC4267EC0ACBAAC /* Assets.xcassets in Resources */,
				8D5CCBFF2562C75D001532AD /* com.charalarm.yui in Resources */,
				0907F640F2E769DF0963DFA4 /* GoogleService-Info.plist in Resources */,
				7933C32BCA599EC89BB51E30 /* LaunchScreen.storyboard in Resources */,
				C589FE7D29B34FE43679E3C9 /* Preview Assets.xcassets in Resources */,
				961391AA3A13EAC26374638C /* Settings.bundle in Resources */,
				34DFC4BE5906213F07F4DC17 /* pokemon.caf in Resources */,
			);
			runOnlyForDeploymentPostprocessing = 0;
		};
/* End PBXResourcesBuildPhase section */

/* Begin PBXShellScriptBuildPhase section */
		06CA5DFDDAD122E88E1BF21D /* [CP] Check Pods Manifest.lock */ = {
			isa = PBXShellScriptBuildPhase;
			buildActionMask = 2147483647;
			files = (
			);
			inputFileListPaths = (
			);
			inputPaths = (
				"${PODS_PODFILE_DIR_PATH}/Podfile.lock",
				"${PODS_ROOT}/Manifest.lock",
			);
			name = "[CP] Check Pods Manifest.lock";
			outputFileListPaths = (
			);
			outputPaths = (
				"$(DERIVED_FILE_DIR)/Pods-CharacterAlarmTests-checkManifestLockResult.txt",
			);
			runOnlyForDeploymentPostprocessing = 0;
			shellPath = /bin/sh;
			shellScript = "diff \"${PODS_PODFILE_DIR_PATH}/Podfile.lock\" \"${PODS_ROOT}/Manifest.lock\" > /dev/null\nif [ $? != 0 ] ; then\n    # print error to STDERR\n    echo \"error: The sandbox is not in sync with the Podfile.lock. Run 'pod install' or update your CocoaPods installation.\" >&2\n    exit 1\nfi\n# This output is used by Xcode 'outputs' to avoid re-running this script phase.\necho \"SUCCESS\" > \"${SCRIPT_OUTPUT_FILE_0}\"\n";
			showEnvVarsInLog = 0;
		};
		39C8CDBCF3E482D80F27DD51 /* [CP] Check Pods Manifest.lock */ = {
			isa = PBXShellScriptBuildPhase;
			buildActionMask = 2147483647;
			files = (
			);
			inputFileListPaths = (
			);
			inputPaths = (
				"${PODS_PODFILE_DIR_PATH}/Podfile.lock",
				"${PODS_ROOT}/Manifest.lock",
			);
			name = "[CP] Check Pods Manifest.lock";
			outputFileListPaths = (
			);
			outputPaths = (
				"$(DERIVED_FILE_DIR)/Pods-CharacterAlarm-checkManifestLockResult.txt",
			);
			runOnlyForDeploymentPostprocessing = 0;
			shellPath = /bin/sh;
			shellScript = "diff \"${PODS_PODFILE_DIR_PATH}/Podfile.lock\" \"${PODS_ROOT}/Manifest.lock\" > /dev/null\nif [ $? != 0 ] ; then\n    # print error to STDERR\n    echo \"error: The sandbox is not in sync with the Podfile.lock. Run 'pod install' or update your CocoaPods installation.\" >&2\n    exit 1\nfi\n# This output is used by Xcode 'outputs' to avoid re-running this script phase.\necho \"SUCCESS\" > \"${SCRIPT_OUTPUT_FILE_0}\"\n";
			showEnvVarsInLog = 0;
		};
		76C3C555C141843C56F55CE8 /* [CP] Check Pods Manifest.lock */ = {
			isa = PBXShellScriptBuildPhase;
			buildActionMask = 2147483647;
			files = (
			);
			inputFileListPaths = (
			);
			inputPaths = (
				"${PODS_PODFILE_DIR_PATH}/Podfile.lock",
				"${PODS_ROOT}/Manifest.lock",
			);
			name = "[CP] Check Pods Manifest.lock";
			outputFileListPaths = (
			);
			outputPaths = (
				"$(DERIVED_FILE_DIR)/Pods-CharacterAlarmUITests-checkManifestLockResult.txt",
			);
			runOnlyForDeploymentPostprocessing = 0;
			shellPath = /bin/sh;
			shellScript = "diff \"${PODS_PODFILE_DIR_PATH}/Podfile.lock\" \"${PODS_ROOT}/Manifest.lock\" > /dev/null\nif [ $? != 0 ] ; then\n    # print error to STDERR\n    echo \"error: The sandbox is not in sync with the Podfile.lock. Run 'pod install' or update your CocoaPods installation.\" >&2\n    exit 1\nfi\n# This output is used by Xcode 'outputs' to avoid re-running this script phase.\necho \"SUCCESS\" > \"${SCRIPT_OUTPUT_FILE_0}\"\n";
			showEnvVarsInLog = 0;
		};
		C10D3F8AC3E30ADB5E690428 /* [CP] Embed Pods Frameworks */ = {
			isa = PBXShellScriptBuildPhase;
			buildActionMask = 2147483647;
			files = (
			);
			inputFileListPaths = (
				"${PODS_ROOT}/Target Support Files/Pods-CharacterAlarm/Pods-CharacterAlarm-frameworks-${CONFIGURATION}-input-files.xcfilelist",
			);
			name = "[CP] Embed Pods Frameworks";
			outputFileListPaths = (
				"${PODS_ROOT}/Target Support Files/Pods-CharacterAlarm/Pods-CharacterAlarm-frameworks-${CONFIGURATION}-output-files.xcfilelist",
			);
			runOnlyForDeploymentPostprocessing = 0;
			shellPath = /bin/sh;
			shellScript = "\"${PODS_ROOT}/Target Support Files/Pods-CharacterAlarm/Pods-CharacterAlarm-frameworks.sh\"\n";
			showEnvVarsInLog = 0;
		};
/* End PBXShellScriptBuildPhase section */

/* Begin PBXSourcesBuildPhase section */
		283677541E1ABE382FCD03B8 /* Sources */ = {
			isa = PBXSourcesBuildPhase;
			buildActionMask = 2147483647;
			files = (
				DA4D126015BB73100732FA46 /* APIClient.swift in Sources */,
				C2A5DDE2BD7EA2F1DBD77D02 /* APIRequest.swift in Sources */,
				B30E775C9F7D9CA2DC3ACA72 /* Alarm.swift in Sources */,
				C91BFFFA83242ECFDD851E40 /* AlarmDetailView.swift in Sources */,
				4342FA5F6FF17684BB07B027 /* AlarmDetailViewModel.swift in Sources */,
				1312196D6C9F98340B13AB2D /* AlarmListRow.swift in Sources */,
				BC15ABC1CC9174147689D5E9 /* AlarmListView.swift in Sources */,
				64CA442F03A6ECEF0D97D799 /* AlarmListViewModel.swift in Sources */,
				CB2C85E3673116531B14AB71 /* AlarmStore.swift in Sources */,
				48439B20ECC6C706FF7A06FC /* UserStore.swift in Sources */,
				8D6961B1255F4C6F00567E35 /* APIHeader.swift in Sources */,
				DBAF145005C23E370B54B94B /* AppDelegate.swift in Sources */,
				FDFA6718B4A255075B4621C6 /* CallKitHandler.swift in Sources */,
				DFC46C9DE5D6CEBD8FB44F5D /* CallView.swift in Sources */,
				148657E6F4133A78029571DC /* CallViewModel.swift in Sources */,
				8D6961BD255F59E700567E35 /* Request.swift in Sources */,
				B74650B04FEAB2B737EA60E5 /* CallingView.swift in Sources */,
				B8CBFAB256F731532B226F6C /* Character.swift in Sources */,
				B080A41E07FEDC214DC3C302 /* CharacterListBanner.swift in Sources */,
				63069C631D666919ADB238EC /* CharacterListRow.swift in Sources */,
				1988ADD8330002E2B2E1471C /* CharacterListView.swift in Sources */,
				F5773CDCAC003D34C58A9714 /* CharacterListViewModel.swift in Sources */,
				1829DC9BF5ECCCDC6E0E0E51 /* CharacterStore.swift in Sources */,
				E0AF7B1D1C81635E9C6144E0 /* CharalarmAppState.swift in Sources */,
				A596EFF24064331BEBC3A719 /* CharalarmError.swift in Sources */,
				5ED1355036782D8CD87178CF /* Config.swift in Sources */,
				54CE7089272BFD296E2EEC93 /* ConfigView.swift in Sources */,
				11FDFD6A92384A68B73AF0B8 /* ConfigViewModel.swift in Sources */,
				11AA4CAAF5DA8F06948EDD4F /* ContentView.swift in Sources */,
				F77E44C61BC44F00671E1EEE /* DayOfWeek.swift in Sources */,
				0ED99D75EC0930A133322EBA /* EditAlarmDayOfWeek.swift in Sources */,
				99509AD2168EF67333C7F9F4 /* EditAlarmName.swift in Sources */,
				166B8418DD52B0191C7B694D /* EditAlarmTime.swift in Sources */,
				D64AB7756DF2E90D28E71308 /* EditAlarmTimeDifference.swift in Sources */,
				76F45DCED11FB4066CE75C83 /* FileHandler.swift in Sources */,
				481BD54200732575D96AEF07 /* FileHandlerError.swift in Sources */,
				AA164CCF50B843854645F232 /* JsonResponseBean.swift in Sources */,
				F40658F7C9EF6D5B22359F3C /* Key.swift in Sources */,
				608D3E82FA12655CC19ABAE6 /* KeychainHandler.swift in Sources */,
				A4CC43333435A97034B6FC43 /* MenuItem.swift in Sources */,
				8D6961C5255F59F300567E35 /* Response.swift in Sources */,
				398EED5399794741B2D21E9E /* NetworkClient.swift in Sources */,
				B48742926BCFF31C963D7B3D /* News.swift in Sources */,
				65C2EA852856BC25EEFA3C71 /* NewsListView.swift in Sources */,
				90EAB01C50F16E19E3CF9087 /* NewsListViewModel.swift in Sources */,
				CB21A6F2FB327EDD1FEE0363 /* NewsRow.swift in Sources */,
				2472BB3E1EA6EAA017603893 /* NewsStore.swift in Sources */,
				643706653AC17D6FDF0B50AA /* Notification.swift in Sources */,
				759566014BCA6D3D3963E960 /* PageControl.swift in Sources */,
				ED0F28A3D33080D0877E9B39 /* PageView.swift in Sources */,
				614E2BEEACBACC0315D6658F /* PageViewController.swift in Sources */,
				CB560F3A2166797860AA3B4A /* ProfileRow.swift in Sources */,
				C4AD7B0D9C5AE42CC7C4B44F /* ProfileView.swift in Sources */,
				C4E627B8416F373BD0919357 /* ProfileViewModel.swift in Sources */,
				C8551D91CC8EA7B7BD209B96 /* PushStore.swift in Sources */,
				BE7B5AAE281AD698457DAB4F /* ResourceHandler.swift in Sources */,
				F978D189A76D0D0B17DEBE8B /* ResourceStore.swift in Sources */,
				F5A666AB886A37E8B7BC44B1 /* Resource.swift in Sources */,
				C8069675E81448D1C68CA8A8 /* RootView.swift in Sources */,
				F71FB21BDF8AEE2B0BB0EBA3 /* SceneDelegate.swift in Sources */,
				7A1330A190334DF9895DB3D6 /* String+Extension.swift in Sources */,
				FE2AA312258B9125C8F02829 /* TopButtonContent.swift in Sources */,
				2ACC04405DCC3012C1EEC96D /* TopTimeView.swift in Sources */,
				D86EAC411AB7E1AC831D7FF3 /* TopView.swift in Sources */,
				3F1C4A9E685BE7C815B3333C /* TopViewModel.swift in Sources */,
				6412E1FC13D5BA27AD951427 /* TutorialHolderView.swift in Sources */,
				9F760006DD2B1D7D8315A6CA /* TutorialHolderViewModel.swift in Sources */,
				61EE855FA474CD3EAB2530DE /* TutorialType.swift in Sources */,
				31A3CA0969C60A3FDA183A64 /* TutorialView.swift in Sources */,
				B0B514B04DB311FF94848F7D /* URLRequest+Extension.swift in Sources */,
				40499ADB485D37EBFB4C1550 /* UserDefaultsHandler.swift in Sources */,
				08D42C66CCFB67D3401820AE /* UserInfoView.swift in Sources */,
			);
			runOnlyForDeploymentPostprocessing = 0;
		};
		597F9CE093AF97AC4561D974 /* Sources */ = {
			isa = PBXSourcesBuildPhase;
			buildActionMask = 2147483647;
			files = (
				FAC1E139983D6AEF6BB37E96 /* CharacterAlarmTests.swift in Sources */,
			);
			runOnlyForDeploymentPostprocessing = 0;
		};
		BDD17EF351DE7B33E31724E7 /* Sources */ = {
			isa = PBXSourcesBuildPhase;
			buildActionMask = 2147483647;
			files = (
				A993D1DE094919727C9FA442 /* CharacterAlarmUITests.swift in Sources */,
			);
			runOnlyForDeploymentPostprocessing = 0;
		};
/* End PBXSourcesBuildPhase section */

/* Begin PBXTargetDependency section */
		2893B7ED54B225A6B67D97BA /* PBXTargetDependency */ = {
			isa = PBXTargetDependency;
			target = ED45A90643725F716C84519F /* CharacterAlarm */;
			targetProxy = 2C889D46EE0731FF4B0ADE32 /* PBXContainerItemProxy */;
		};
		F26FA555776AC0A2F5A319AE /* PBXTargetDependency */ = {
			isa = PBXTargetDependency;
			target = ED45A90643725F716C84519F /* CharacterAlarm */;
			targetProxy = 641735BA5A28EDAE484461A9 /* PBXContainerItemProxy */;
		};
/* End PBXTargetDependency section */

/* Begin PBXVariantGroup section */
		3CF57825F325D3807DDEBF09 /* LaunchScreen.storyboard */ = {
			isa = PBXVariantGroup;
			children = (
				575BDABDDF3486CF12F422E5 /* Base */,
			);
			name = LaunchScreen.storyboard;
			sourceTree = "<group>";
		};
/* End PBXVariantGroup section */

/* Begin XCBuildConfiguration section */
		0D5986DD639D53E1129268AB /* Debug */ = {
			isa = XCBuildConfiguration;
			buildSettings = {
				ALWAYS_SEARCH_USER_PATHS = NO;
				CLANG_ANALYZER_NONNULL = YES;
				CLANG_ANALYZER_NUMBER_OBJECT_CONVERSION = YES_AGGRESSIVE;
				CLANG_CXX_LANGUAGE_STANDARD = "gnu++14";
				CLANG_CXX_LIBRARY = "libc++";
				CLANG_ENABLE_MODULES = YES;
				CLANG_ENABLE_OBJC_ARC = YES;
				CLANG_WARN_BLOCK_CAPTURE_AUTORELEASING = YES;
				CLANG_WARN_BOOL_CONVERSION = YES;
				CLANG_WARN_COMMA = YES;
				CLANG_WARN_CONSTANT_CONVERSION = YES;
				CLANG_WARN_DEPRECATED_OBJC_IMPLEMENTATIONS = YES;
				CLANG_WARN_DIRECT_OBJC_ISA_USAGE = YES_ERROR;
				CLANG_WARN_DOCUMENTATION_COMMENTS = YES;
				CLANG_WARN_EMPTY_BODY = YES;
				CLANG_WARN_ENUM_CONVERSION = YES;
				CLANG_WARN_INFINITE_RECURSION = YES;
				CLANG_WARN_INT_CONVERSION = YES;
				CLANG_WARN_NON_LITERAL_NULL_CONVERSION = YES;
				CLANG_WARN_OBJC_IMPLICIT_RETAIN_SELF = YES;
				CLANG_WARN_OBJC_LITERAL_CONVERSION = YES;
				CLANG_WARN_OBJC_ROOT_CLASS = YES_ERROR;
				CLANG_WARN_RANGE_LOOP_ANALYSIS = YES;
				CLANG_WARN_STRICT_PROTOTYPES = YES;
				CLANG_WARN_SUSPICIOUS_MOVE = YES;
				CLANG_WARN_UNGUARDED_AVAILABILITY = YES_AGGRESSIVE;
				CLANG_WARN_UNREACHABLE_CODE = YES;
				CLANG_WARN__DUPLICATE_METHOD_MATCH = YES;
				COPY_PHASE_STRIP = NO;
				DEBUG_INFORMATION_FORMAT = dwarf;
				ENABLE_STRICT_OBJC_MSGSEND = YES;
				ENABLE_TESTABILITY = YES;
				GCC_C_LANGUAGE_STANDARD = gnu11;
				GCC_DYNAMIC_NO_PIC = NO;
				GCC_NO_COMMON_BLOCKS = YES;
				GCC_OPTIMIZATION_LEVEL = 0;
				GCC_PREPROCESSOR_DEFINITIONS = (
					"$(inherited)",
					"DEBUG=1",
				);
				GCC_WARN_64_TO_32_BIT_CONVERSION = YES;
				GCC_WARN_ABOUT_RETURN_TYPE = YES_ERROR;
				GCC_WARN_UNDECLARED_SELECTOR = YES;
				GCC_WARN_UNINITIALIZED_AUTOS = YES_AGGRESSIVE;
				GCC_WARN_UNUSED_FUNCTION = YES;
				GCC_WARN_UNUSED_VARIABLE = YES;
				IPHONEOS_DEPLOYMENT_TARGET = 13.0;
				MTL_ENABLE_DEBUG_INFO = YES;
				ONLY_ACTIVE_ARCH = YES;
				PRODUCT_NAME = "$(TARGET_NAME)";
				SDKROOT = iphoneos;
				SWIFT_ACTIVE_COMPILATION_CONDITIONS = DEBUG;
				SWIFT_OPTIMIZATION_LEVEL = "-Onone";
				SWIFT_VERSION = 5.0;
			};
			name = Debug;
		};
		18427B5EE01CF31F8A926C75 /* Release */ = {
			isa = XCBuildConfiguration;
			buildSettings = {
				ALWAYS_SEARCH_USER_PATHS = NO;
				CLANG_ANALYZER_NONNULL = YES;
				CLANG_ANALYZER_NUMBER_OBJECT_CONVERSION = YES_AGGRESSIVE;
				CLANG_CXX_LANGUAGE_STANDARD = "gnu++14";
				CLANG_CXX_LIBRARY = "libc++";
				CLANG_ENABLE_MODULES = YES;
				CLANG_ENABLE_OBJC_ARC = YES;
				CLANG_WARN_BLOCK_CAPTURE_AUTORELEASING = YES;
				CLANG_WARN_BOOL_CONVERSION = YES;
				CLANG_WARN_COMMA = YES;
				CLANG_WARN_CONSTANT_CONVERSION = YES;
				CLANG_WARN_DEPRECATED_OBJC_IMPLEMENTATIONS = YES;
				CLANG_WARN_DIRECT_OBJC_ISA_USAGE = YES_ERROR;
				CLANG_WARN_DOCUMENTATION_COMMENTS = YES;
				CLANG_WARN_EMPTY_BODY = YES;
				CLANG_WARN_ENUM_CONVERSION = YES;
				CLANG_WARN_INFINITE_RECURSION = YES;
				CLANG_WARN_INT_CONVERSION = YES;
				CLANG_WARN_NON_LITERAL_NULL_CONVERSION = YES;
				CLANG_WARN_OBJC_IMPLICIT_RETAIN_SELF = YES;
				CLANG_WARN_OBJC_LITERAL_CONVERSION = YES;
				CLANG_WARN_OBJC_ROOT_CLASS = YES_ERROR;
				CLANG_WARN_RANGE_LOOP_ANALYSIS = YES;
				CLANG_WARN_STRICT_PROTOTYPES = YES;
				CLANG_WARN_SUSPICIOUS_MOVE = YES;
				CLANG_WARN_UNGUARDED_AVAILABILITY = YES_AGGRESSIVE;
				CLANG_WARN_UNREACHABLE_CODE = YES;
				CLANG_WARN__DUPLICATE_METHOD_MATCH = YES;
				COPY_PHASE_STRIP = NO;
				DEBUG_INFORMATION_FORMAT = "dwarf-with-dsym";
				ENABLE_NS_ASSERTIONS = NO;
				ENABLE_STRICT_OBJC_MSGSEND = YES;
				GCC_C_LANGUAGE_STANDARD = gnu11;
				GCC_NO_COMMON_BLOCKS = YES;
				GCC_WARN_64_TO_32_BIT_CONVERSION = YES;
				GCC_WARN_ABOUT_RETURN_TYPE = YES_ERROR;
				GCC_WARN_UNDECLARED_SELECTOR = YES;
				GCC_WARN_UNINITIALIZED_AUTOS = YES_AGGRESSIVE;
				GCC_WARN_UNUSED_FUNCTION = YES;
				GCC_WARN_UNUSED_VARIABLE = YES;
				IPHONEOS_DEPLOYMENT_TARGET = 13.0;
				PRODUCT_NAME = "$(TARGET_NAME)";
				SDKROOT = iphoneos;
				SWIFT_COMPILATION_MODE = wholemodule;
				SWIFT_VERSION = 5.0;
				VALIDATE_PRODUCT = YES;
			};
			name = Release;
		};
		1CA8ADC64C6045214EA33A1C /* Debug */ = {
			isa = XCBuildConfiguration;
			baseConfigurationReference = 9B6ED94D3CA0B43E22A1E969 /* Pods-CharacterAlarmTests.debug.xcconfig */;
			buildSettings = {
				BUNDLE_LOADER = "$(TEST_HOST)";
				INFOPLIST_FILE = CharacterAlarmTests/Info.plist;
				LD_RUNPATH_SEARCH_PATHS = (
					"$(inherited)",
					"@executable_path/Frameworks",
					"@loader_path/Frameworks",
				);
				SDKROOT = iphoneos;
				TARGETED_DEVICE_FAMILY = "1,2";
				TEST_HOST = "$(BUILT_PRODUCTS_DIR)/CharacterAlarm.app/CharacterAlarm";
			};
			name = Debug;
		};
		70568EF96EA0A697FE6FCE48 /* Release */ = {
			isa = XCBuildConfiguration;
			baseConfigurationReference = 35255BE4BC91F1A8624690EE /* Pods-CharacterAlarm.release.xcconfig */;
			buildSettings = {
				ASSETCATALOG_COMPILER_APPICON_NAME = AppIcon;
				CODE_SIGN_ENTITLEMENTS = CharacterAlarm/CharacterAlarmRelease.entitlements;
				CODE_SIGN_IDENTITY = "iPhone Developer";
				CODE_SIGN_STYLE = Automatic;
				CURRENT_PROJECT_VERSION = 55;
				DEVELOPMENT_TEAM = 5RH346BQ66;
				INFOPLIST_FILE = CharacterAlarm/Info.plist;
				IPHONEOS_DEPLOYMENT_TARGET = 13.0;
				LD_RUNPATH_SEARCH_PATHS = (
					"$(inherited)",
					"@executable_path/Frameworks",
				);
				MARKETING_VERSION = 2.0.0;
				PRODUCT_BUNDLE_IDENTIFIER = com.swiswiswift.CharacterAlarm;
				SDKROOT = iphoneos;
				TARGETED_DEVICE_FAMILY = 1;
			};
			name = Release;
		};
		85E90FA4C49453A12C6B27ED /* Release */ = {
			isa = XCBuildConfiguration;
			baseConfigurationReference = C44003B0D26F8FD5293A4F6C /* Pods-CharacterAlarmTests.release.xcconfig */;
			buildSettings = {
				BUNDLE_LOADER = "$(TEST_HOST)";
				INFOPLIST_FILE = CharacterAlarmTests/Info.plist;
				LD_RUNPATH_SEARCH_PATHS = (
					"$(inherited)",
					"@executable_path/Frameworks",
					"@loader_path/Frameworks",
				);
				SDKROOT = iphoneos;
				TARGETED_DEVICE_FAMILY = "1,2";
				TEST_HOST = "$(BUILT_PRODUCTS_DIR)/CharacterAlarm.app/CharacterAlarm";
			};
			name = Release;
		};
		9C2DC7A9ED0C0D3C9FF901FE /* Debug */ = {
			isa = XCBuildConfiguration;
			baseConfigurationReference = A615F8D162AA551A2E63E04E /* Pods-CharacterAlarmUITests.debug.xcconfig */;
			buildSettings = {
				BUNDLE_LOADER = "$(TEST_HOST)";
				INFOPLIST_FILE = CharacterAlarmUITests/Info.plist;
				LD_RUNPATH_SEARCH_PATHS = (
					"$(inherited)",
					"@executable_path/Frameworks",
					"@loader_path/Frameworks",
				);
				SDKROOT = iphoneos;
				TARGETED_DEVICE_FAMILY = "1,2";
				TEST_TARGET_NAME = CharacterAlarm;
			};
			name = Debug;
		};
		B0E5A467FB277393E0276580 /* Release */ = {
			isa = XCBuildConfiguration;
			baseConfigurationReference = AD4ABB027BD141378C0A7E8D /* Pods-CharacterAlarmUITests.release.xcconfig */;
			buildSettings = {
				BUNDLE_LOADER = "$(TEST_HOST)";
				INFOPLIST_FILE = CharacterAlarmUITests/Info.plist;
				LD_RUNPATH_SEARCH_PATHS = (
					"$(inherited)",
					"@executable_path/Frameworks",
					"@loader_path/Frameworks",
				);
				SDKROOT = iphoneos;
				TARGETED_DEVICE_FAMILY = "1,2";
				TEST_TARGET_NAME = CharacterAlarm;
			};
			name = Release;
		};
		C680CCBCF7EF071C0CDFA2A0 /* Debug */ = {
			isa = XCBuildConfiguration;
			baseConfigurationReference = DE6783F14A67F5028EA4044F /* Pods-CharacterAlarm.debug.xcconfig */;
			buildSettings = {
				ASSETCATALOG_COMPILER_APPICON_NAME = AppIcon;
				CODE_SIGN_ENTITLEMENTS = CharacterAlarm/CharacterAlarmDebug.entitlements;
				CODE_SIGN_IDENTITY = "iPhone Developer";
				CODE_SIGN_STYLE = Automatic;
				CURRENT_PROJECT_VERSION = 55;
				DEVELOPMENT_TEAM = 5RH346BQ66;
				INFOPLIST_FILE = CharacterAlarm/Info.plist;
				IPHONEOS_DEPLOYMENT_TARGET = 13.0;
				LD_RUNPATH_SEARCH_PATHS = (
					"$(inherited)",
					"@executable_path/Frameworks",
				);
				MARKETING_VERSION = 2.0.0;
				PRODUCT_BUNDLE_IDENTIFIER = com.swiswiswift.CharacterAlarm;
				SDKROOT = iphoneos;
				TARGETED_DEVICE_FAMILY = 1;
			};
			name = Debug;
		};
/* End XCBuildConfiguration section */

/* Begin XCConfigurationList section */
		16FA6D4E25ABA28ADE4EF745 /* Build configuration list for PBXNativeTarget "CharacterAlarm" */ = {
			isa = XCConfigurationList;
			buildConfigurations = (
				C680CCBCF7EF071C0CDFA2A0 /* Debug */,
				70568EF96EA0A697FE6FCE48 /* Release */,
			);
			defaultConfigurationIsVisible = 0;
			defaultConfigurationName = Debug;
		};
		3C2C07862B9D925806EBC621 /* Build configuration list for PBXNativeTarget "CharacterAlarmUITests" */ = {
			isa = XCConfigurationList;
			buildConfigurations = (
				9C2DC7A9ED0C0D3C9FF901FE /* Debug */,
				B0E5A467FB277393E0276580 /* Release */,
			);
			defaultConfigurationIsVisible = 0;
			defaultConfigurationName = Debug;
		};
		4070A7C660950EBBE624FC5E /* Build configuration list for PBXProject "CharacterAlarm" */ = {
			isa = XCConfigurationList;
			buildConfigurations = (
				0D5986DD639D53E1129268AB /* Debug */,
				18427B5EE01CF31F8A926C75 /* Release */,
			);
			defaultConfigurationIsVisible = 0;
			defaultConfigurationName = Debug;
		};
		D0D9DE266E18E8C484C35F4E /* Build configuration list for PBXNativeTarget "CharacterAlarmTests" */ = {
			isa = XCConfigurationList;
			buildConfigurations = (
				1CA8ADC64C6045214EA33A1C /* Debug */,
				85E90FA4C49453A12C6B27ED /* Release */,
			);
			defaultConfigurationIsVisible = 0;
			defaultConfigurationName = Debug;
		};
/* End XCConfigurationList section */
	};
	rootObject = 6F967E943CE435CD69945C17 /* Project object */;
}
